lockfileVersion: '9.0'

settings:
  autoInstallPeers: true
  excludeLinksFromLockfile: false

importers:

  .:
    dependencies:
      '@polkadot/api':
        specifier: ^15.0.1
        version: 15.10.2
      '@polkadot/util':
        specifier: ^13.0.2
        version: 13.5.9
      '@polkadot/util-crypto':
        specifier: ^13.0.2
        version: 13.5.9(@polkadot/util@13.5.9)
      ethers:
        specifier: ^6.13.0
        version: 6.16.0
      tsx:
        specifier: ^4.19.0
        version: 4.21.0

packages:

  '@adraffy/ens-normalize@1.10.1':
    resolution: {integrity: sha512-96Z2IP3mYmF1Xg2cDm8f1gWGf/HUVedQ3FMifV4kG/PQ4yEP51xDtRAEfhVNt5f/uzpNkZHwWQuUcu6D6K+Ekw==}

  '@esbuild/aix-ppc64@0.27.4':
    resolution: {integrity: sha512-cQPwL2mp2nSmHHJlCyoXgHGhbEPMrEEU5xhkcy3Hs/O7nGZqEpZ2sUtLaL9MORLtDfRvVl2/3PAuEkYZH0Ty8Q==}
    engines: {node: '>=18'}
    cpu: [ppc64]
    os: [aix]

  '@esbuild/android-arm64@0.27.4':
    resolution: {integrity: sha512-gdLscB7v75wRfu7QSm/zg6Rx29VLdy9eTr2t44sfTW7CxwAtQghZ4ZnqHk3/ogz7xao0QAgrkradbBzcqFPasw==}
    engines: {node: '>=18'}
    cpu: [arm64]
    os: [android]

  '@esbuild/android-arm@0.27.4':
    resolution: {integrity: sha512-X9bUgvxiC8CHAGKYufLIHGXPJWnr0OCdR0anD2e21vdvgCI8lIfqFbnoeOz7lBjdrAGUhqLZLcQo6MLhTO2DKQ==}
    engines: {node: '>=18'}
    cpu: [arm]
    os: [android]

  '@esbuild/android-x64@0.27.4':
    resolution: {integrity: sha512-PzPFnBNVF292sfpfhiyiXCGSn9HZg5BcAz+ivBuSsl6Rk4ga1oEXAamhOXRFyMcjwr2DVtm40G65N3GLeH1Lvw==}
    engines: {node: '>=18'}
    cpu: [x64]
    os: [android]

  '@esbuild/darwin-arm64@0.27.4':
    resolution: {integrity: sha512-b7xaGIwdJlht8ZFCvMkpDN6uiSmnxxK56N2GDTMYPr2/gzvfdQN8rTfBsvVKmIVY/X7EM+/hJKEIbbHs9oA4tQ==}
    engines: {node: '>=18'}
    cpu: [arm64]
    os: [darwin]

  '@esbuild/darwin-x64@0.27.4':
    resolution: {integrity: sha512-sR+OiKLwd15nmCdqpXMnuJ9W2kpy0KigzqScqHI3Hqwr7IXxBp3Yva+yJwoqh7rE8V77tdoheRYataNKL4QrPw==}
    engines: {node: '>=18'}
    cpu: [x64]
    os: [darwin]

  '@esbuild/freebsd-arm64@0.27.4':
    resolution: {integrity: sha512-jnfpKe+p79tCnm4GVav68A7tUFeKQwQyLgESwEAUzyxk/TJr4QdGog9sqWNcUbr/bZt/O/HXouspuQDd9JxFSw==}
    engines: {node: '>=18'}
    cpu: [arm64]
    os: [freebsd]

  '@esbuild/freebsd-x64@0.27.4':
    resolution: {integrity: sha512-2kb4ceA/CpfUrIcTUl1wrP/9ad9Atrp5J94Lq69w7UwOMolPIGrfLSvAKJp0RTvkPPyn6CIWrNy13kyLikZRZQ==}
    engines: {node: '>=18'}
    cpu: [x64]
    os: [freebsd]

  '@esbuild/linux-arm64@0.27.4':
    resolution: {integrity: sha512-7nQOttdzVGth1iz57kxg9uCz57dxQLHWxopL6mYuYthohPKEK0vU0C3O21CcBK6KDlkYVcnDXY099HcCDXd9dA==}
    engines: {node: '>=18'}
    cpu: [arm64]
    os: [linux]

  '@esbuild/linux-arm@0.27.4':
    resolution: {integrity: sha512-aBYgcIxX/wd5n2ys0yESGeYMGF+pv6g0DhZr3G1ZG4jMfruU9Tl1i2Z+Wnj9/KjGz1lTLCcorqE2viePZqj4Eg==}
    engines: {node: '>=18'}
    cpu: [arm]
    os: [linux]

  '@esbuild/linux-ia32@0.27.4':
    resolution: {integrity: sha512-oPtixtAIzgvzYcKBQM/qZ3R+9TEUd1aNJQu0HhGyqtx6oS7qTpvjheIWBbes4+qu1bNlo2V4cbkISr8q6gRBFA==}
    engines: {node: '>=18'}
    cpu: [ia32]
    os: [linux]

  '@esbuild/linux-loong64@0.27.4':
    resolution: {integrity: sha512-8mL/vh8qeCoRcFH2nM8wm5uJP+ZcVYGGayMavi8GmRJjuI3g1v6Z7Ni0JJKAJW+m0EtUuARb6Lmp4hMjzCBWzA==}
    engines: {node: '>=18'}
    cpu: [loong64]
    os: [linux]

  '@esbuild/linux-mips64el@0.27.4':
    resolution: {integrity: sha512-1RdrWFFiiLIW7LQq9Q2NES+HiD4NyT8Itj9AUeCl0IVCA459WnPhREKgwrpaIfTOe+/2rdntisegiPWn/r/aAw==}
    engines: {node: '>=18'}
    cpu: [mips64el]
    os: [linux]

  '@esbuild/linux-ppc64@0.27.4':
    resolution: {integrity: sha512-tLCwNG47l3sd9lpfyx9LAGEGItCUeRCWeAx6x2Jmbav65nAwoPXfewtAdtbtit/pJFLUWOhpv0FpS6GQAmPrHA==}
    engines: {node: '>=18'}
    cpu: [ppc64]
    os: [linux]

  '@esbuild/linux-riscv64@0.27.4':
    resolution: {integrity: sha512-BnASypppbUWyqjd1KIpU4AUBiIhVr6YlHx/cnPgqEkNoVOhHg+YiSVxM1RLfiy4t9cAulbRGTNCKOcqHrEQLIw==}
    engines: {node: '>=18'}
    cpu: [riscv64]
    os: [linux]

  '@esbuild/linux-s390x@0.27.4':
    resolution: {integrity: sha512-+eUqgb/Z7vxVLezG8bVB9SfBie89gMueS+I0xYh2tJdw3vqA/0ImZJ2ROeWwVJN59ihBeZ7Tu92dF/5dy5FttA==}
    engines: {node: '>=18'}
    cpu: [s390x]
    os: [linux]

  '@esbuild/linux-x64@0.27.4':
    resolution: {integrity: sha512-S5qOXrKV8BQEzJPVxAwnryi2+Iq5pB40gTEIT69BQONqR7JH1EPIcQ/Uiv9mCnn05jff9umq/5nqzxlqTOg9NA==}
    engines: {node: '>=18'}
    cpu: [x64]
    os: [linux]

  '@esbuild/netbsd-arm64@0.27.4':
    resolution: {integrity: sha512-xHT8X4sb0GS8qTqiwzHqpY00C95DPAq7nAwX35Ie/s+LO9830hrMd3oX0ZMKLvy7vsonee73x0lmcdOVXFzd6Q==}
    engines: {node: '>=18'}
    cpu: [arm64]
    os: [netbsd]

  '@esbuild/netbsd-x64@0.27.4':
    resolution: {integrity: sha512-RugOvOdXfdyi5Tyv40kgQnI0byv66BFgAqjdgtAKqHoZTbTF2QqfQrFwa7cHEORJf6X2ht+l9ABLMP0dnKYsgg==}
    engines: {node: '>=18'}
    cpu: [x64]
    os: [netbsd]

  '@esbuild/openbsd-arm64@0.27.4':
    resolution: {integrity: sha512-2MyL3IAaTX+1/qP0O1SwskwcwCoOI4kV2IBX1xYnDDqthmq5ArrW94qSIKCAuRraMgPOmG0RDTA74mzYNQA9ow==}
    engines: {node: '>=18'}
    cpu: [arm64]
    os: [openbsd]

  '@esbuild/openbsd-x64@0.27.4':
    resolution: {integrity: sha512-u8fg/jQ5aQDfsnIV6+KwLOf1CmJnfu1ShpwqdwC0uA7ZPwFws55Ngc12vBdeUdnuWoQYx/SOQLGDcdlfXhYmXQ==}
    engines: {node: '>=18'}
    cpu: [x64]
    os: [openbsd]

  '@esbuild/openharmony-arm64@0.27.4':
    resolution: {integrity: sha512-JkTZrl6VbyO8lDQO3yv26nNr2RM2yZzNrNHEsj9bm6dOwwu9OYN28CjzZkH57bh4w0I2F7IodpQvUAEd1mbWXg==}
    engines: {node: '>=18'}
    cpu: [arm64]
    os: [openharmony]

  '@esbuild/sunos-x64@0.27.4':
    resolution: {integrity: sha512-/gOzgaewZJfeJTlsWhvUEmUG4tWEY2Spp5M20INYRg2ZKl9QPO3QEEgPeRtLjEWSW8FilRNacPOg8R1uaYkA6g==}
    engines: {node: '>=18'}
    cpu: [x64]
    os: [sunos]

  '@esbuild/win32-arm64@0.27.4':
    resolution: {integrity: sha512-Z9SExBg2y32smoDQdf1HRwHRt6vAHLXcxD2uGgO/v2jK7Y718Ix4ndsbNMU/+1Qiem9OiOdaqitioZwxivhXYg==}
    engines: {node: '>=18'}
    cpu: [arm64]
    os: [win32]

  '@esbuild/win32-ia32@0.27.4':
    resolution: {integrity: sha512-DAyGLS0Jz5G5iixEbMHi5KdiApqHBWMGzTtMiJ72ZOLhbu/bzxgAe8Ue8CTS3n3HbIUHQz/L51yMdGMeoxXNJw==}
    engines: {node: '>=18'}
    cpu: [ia32]
    os: [win32]

  '@esbuild/win32-x64@0.27.4':
    resolution: {integrity: sha512-+knoa0BDoeXgkNvvV1vvbZX4+hizelrkwmGJBdT17t8FNPwG2lKemmuMZlmaNQ3ws3DKKCxpb4zRZEIp3UxFCg==}
    engines: {node: '>=18'}
    cpu: [x64]
    os: [win32]

  '@noble/curves@1.2.0':
    resolution: {integrity: sha512-oYclrNgRaM9SsBUBVbb8M6DTV7ZHRTKugureoYEncY5c65HOmRzvSiTE3y5CYaPYJA/GVkrhXEoF0M3Ya9PMnw==}

  '@noble/curves@1.9.7':
    resolution: {integrity: sha512-gbKGcRUYIjA3/zCCNaWDciTMFI0dCkvou3TL8Zmy5Nc7sJ47a0jtOeZoTaMxkuqRo9cRhjOdZJXegxYE5FN/xw==}
    engines: {node: ^14.21.3 || >=16}

  '@noble/hashes@1.3.2':
    resolution: {integrity: sha512-MVC8EAQp7MvEcm30KWENFjgR+Mkmf+D189XJTkFIlwohU5hcBbn1ZkKq7KVTi2Hme3PMGF390DaL52beVrIihQ==}
    engines: {node: '>= 16'}

  '@noble/hashes@1.8.0':
    resolution: {integrity: sha512-jCs9ldd7NwzpgXDIf6P3+NrHh9/sD6CQdxHyjQI+h/6rDNo88ypBxxz45UDuZHz9r3tNz7N/VInSVoVdtXEI4A==}
    engines: {node: ^14.21.3 || >=16}

  '@polkadot-api/json-rpc-provider-proxy@0.1.0':
    resolution: {integrity: sha512-8GSFE5+EF73MCuLQm8tjrbCqlgclcHBSRaswvXziJ0ZW7iw3UEMsKkkKvELayWyBuOPa2T5i1nj6gFOeIsqvrg==}

  '@polkadot-api/json-rpc-provider@0.0.1':
    resolution: {integrity: sha512-/SMC/l7foRjpykLTUTacIH05H3mr9ip8b5xxfwXlVezXrNVLp3Cv0GX6uItkKd+ZjzVPf3PFrDF2B2/HLSNESA==}

  '@polkadot-api/metadata-builders@0.3.2':
    resolution: {integrity: sha512-TKpfoT6vTb+513KDzMBTfCb/ORdgRnsS3TDFpOhAhZ08ikvK+hjHMt5plPiAX/OWkm1Wc9I3+K6W0hX5Ab7MVg==}

  '@polkadot-api/observable-client@0.3.2':
    resolution: {integrity: sha512-HGgqWgEutVyOBXoGOPp4+IAq6CNdK/3MfQJmhCJb8YaJiaK4W6aRGrdQuQSTPHfERHCARt9BrOmEvTXAT257Ug==}
    peerDependencies:
      '@polkadot-api/substrate-client': 0.1.4
      rxjs: '>=7.8.0'

  '@polkadot-api/substrate-bindings@0.6.0':
    resolution: {integrity: sha512-lGuhE74NA1/PqdN7fKFdE5C1gNYX357j1tWzdlPXI0kQ7h3kN0zfxNOpPUN7dIrPcOFZ6C0tRRVrBylXkI6xPw==}

  '@polkadot-api/substrate-client@0.1.4':
    resolution: {integrity: sha512-MljrPobN0ZWTpn++da9vOvt+Ex+NlqTlr/XT7zi9sqPtDJiQcYl+d29hFAgpaeTqbeQKZwz3WDE9xcEfLE8c5A==}

  '@polkadot-api/utils@0.1.0':
    resolution: {integrity: sha512-MXzWZeuGxKizPx2Xf/47wx9sr/uxKw39bVJUptTJdsaQn/TGq+z310mHzf1RCGvC1diHM8f593KrnDgc9oNbJA==}

  '@polkadot/api-augment@15.10.2':
    resolution: {integrity: sha512-CCli5ltPiJEyQF/8DmTRpTfYKHY4W0B+xQDmzKgFmd+Q64Qot0fGpsaZXZftef1Tuoh0Uqak9qM+6B4APXIPkQ==}
    engines: {node: '>=18'}

  '@polkadot/api-base@15.10.2':
    resolution: {integrity: sha512-7DJw++5IbPrsLPGcTlIZbMOretfvQJG80CW8+A+t2BLxbbv+I2neWNQ9QV9O28XsbOHzNgKHXuRyirdaG/dvrg==}
    engines: {node: '>=18'}

  '@polkadot/api-derive@15.10.2':
    resolution: {integrity: sha512-tF9DZvdm7hkRIJ1HtJzu73vdqQWBr8935YSN/RNsRb4FhJK5cHaC2uB4NLdRMnyUjmH0JRSnvWFq+HHcVxFJZw==}
    engines: {node: '>=18'}

  '@polkadot/api@15.10.2':
    resolution: {integrity: sha512-UM/510TwdugPjMpfyhhMNOZJ3M2ftRk0Ftxe+WSWev3o1u0dxqGuIN6fN0c224CHXIr58uWXUoMRHi6Cnfaxhw==}
    engines: {node: '>=18'}

  '@polkadot/keyring@13.5.9':
    resolution: {integrity: sha512-bMCpHDN7U8ytxawjBZ89/he5s3AmEZuOdkM/ABcorh/flXNPfyghjFK27Gy4OKoFxX52yJ2sTHR4NxM87GuFXQ==}
    engines: {node: '>=18'}
    peerDependencies:
      '@polkadot/util': 13.5.9
      '@polkadot/util-crypto': 13.5.9

  '@polkadot/networks@13.5.9':
    resolution: {integrity: sha512-nmKUKJjiLgcih0MkdlJNMnhEYdwEml2rv/h59ll2+rAvpsVWMTLCb6Cq6q7UC44+8kiWK2UUJMkFU+3PFFxndA==}
    engines: {node: '>=18'}

  '@polkadot/rpc-augment@15.10.2':
    resolution: {integrity: sha512-9QQ8utyAEdEl7iScteIN59EBu8eNZjZa8AfKBitbdq1Hezd+WPil5LdoYi+wmJOMhZHeDT1s7/j2+kY1Z2Vymg==}
    engines: {node: '>=18'}

  '@polkadot/rpc-core@15.10.2':
    resolution: {integrity: sha512-vqDvr1WcHH3WPzDV4WTlf2S5cDmIoFPciynJ8eNcKqR3mG7Cqd0iL+MG6s0KFXdSY2Qvtl+0C6yZN0xr4Ha6BQ==}
    engines: {node: '>=18'}

  '@polkadot/rpc-provider@15.10.2':
    resolution: {integrity: sha512-kqpPW8U0stVW+uOZP8g5d87Xb8rbXJR5PUub6xgGG6AOMbbvvuCU3GSohu/iozo4p9uD7TGH90jvbxj1rjJVMA==}
    engines: {node: '>=18'}

  '@polkadot/types-augment@15.10.2':
    resolution: {integrity: sha512-X/xh+Dzud6OIyr7q8xttAwn+Fb5hKImIWEO1oG8WcInqv+P0vRyu7Tds+2ut9t64sJi3ydJ7I+T+WxZYheCU7g==}
    engines: {node: '>=18'}

  '@polkadot/types-codec@15.10.2':
    resolution: {integrity: sha512-dhwbaukUZiYDW3QAAnLAFThYE5hQGdwBMWOVTt9+aBWxEKovLK93j0V30tEzMUtrZy8xaRWdhdDeQ3DSmxEP6w==}
    engines: {node: '>=18'}

  '@polkadot/types-create@15.10.2':
    resolution: {integrity: sha512-vqXwPUSgx/By31qSkhOR5GN6zMbF1MkiX3F1g5KKHaRE8p/DdTry4LhufxhtK1mr9eBWvVGXxCOZdwjQco2M1A==}
    engines: {node: '>=18'}

  '@polkadot/types-known@15.10.2':
    resolution: {integrity: sha512-vs02WiIlLualrrh/EuA5qzK6QzatVPqBBNqa66dUtmyhJy48OEelBK+QLfOIQvZKU0ModEunoVrnxuY+O1DCmA==}
    engines: {node: '>=18'}

  '@polkadot/types-support@15.10.2':
    resolution: {integrity: sha512-sHamH6MehJa7aGZ/DHTB6vJAhSN5VrJx5lpDpb3xgBFTr0cVc5IsociqgJ/mgvyEIdLF3laraPxREqxCmuxTaQ==}
    engines: {node: '>=18'}

  '@polkadot/types@15.10.2':
    resolution: {integrity: sha512-/wDwKdDijxSXyNk5YezhVitdFxoQaTSSG9KXa7dEWujtmS/51UHmt9+P3W8b8D8kKaCvumahf/ww3GJI6s0Eqw==}
    engines: {node: '>=18'}

  '@polkadot/util-crypto@13.5.9':
    resolution: {integrity: sha512-foUesMhxkTk8CZ0/XEcfvHk6I0O+aICqqVJllhOpyp/ZVnrTBKBf59T6RpsXx2pCtBlMsLRvg/6Mw7RND1HqDg==}
    engines: {node: '>=18'}
    peerDependencies:
      '@polkadot/util': 13.5.9

  '@polkadot/util@13.5.9':
    resolution: {integrity: sha512-pIK3XYXo7DKeFRkEBNYhf3GbCHg6dKQisSvdzZwuyzA6m7YxQq4DFw4IE464ve4Z7WsJFt3a6C9uII36hl9EWw==}
    engines: {node: '>=18'}

  '@polkadot/wasm-bridge@7.5.4':
    resolution: {integrity: sha512-6xaJVvoZbnbgpQYXNw9OHVNWjXmtcoPcWh7hlwx3NpfiLkkjljj99YS+XGZQlq7ks2fVCg7FbfknkNb8PldDaA==}
    engines: {node: '>=18'}
    peerDependencies:
      '@polkadot/util': '*'
      '@polkadot/x-randomvalues': '*'

  '@polkadot/wasm-crypto-asmjs@7.5.4':
    resolution: {integrity: sha512-ZYwxQHAJ8pPt6kYk9XFmyuFuSS+yirJLonvP+DYbxOrARRUHfN4nzp4zcZNXUuaFhpbDobDSFn6gYzye6BUotA==}
    engines: {node: '>=18'}
    peerDependencies:
      '@polkadot/util': '*'

  '@polkadot/wasm-crypto-init@7.5.4':
    resolution: {integrity: sha512-U6s4Eo2rHs2n1iR01vTz/sOQ7eOnRPjaCsGWhPV+ZC/20hkVzwPAhiizu/IqMEol4tO2yiSheD4D6bn0KxUJhg==}
    engines: {node: '>=18'}
    peerDependencies:
      '@polkadot/util': '*'
      '@polkadot/x-randomvalues': '*'

  '@polkadot/wasm-crypto-wasm@7.5.4':
    resolution: {integrity: sha512-PsHgLsVTu43eprwSvUGnxybtOEuHPES6AbApcs7y5ZbM2PiDMzYbAjNul098xJK/CPtrxZ0ePDFnaQBmIJyTFw==}
    engines: {node: '>=18'}
    peerDependencies:
      '@polkadot/util': '*'

  '@polkadot/wasm-crypto@7.5.4':
    resolution: {integrity: sha512-1seyClxa7Jd7kQjfnCzTTTfYhTa/KUTDUaD3DMHBk5Q4ZUN1D1unJgX+v1aUeXSPxmzocdZETPJJRZjhVOqg9g==}
    engines: {node: '>=18'}
    peerDependencies:
      '@polkadot/util': '*'
      '@polkadot/x-randomvalues': '*'

  '@polkadot/wasm-util@7.5.4':
    resolution: {integrity: sha512-hqPpfhCpRAqCIn/CYbBluhh0TXmwkJnDRjxrU9Bnqtw9nMNa97D8JuOjdd2pi0rxm+eeLQ/f1rQMp71RMM9t4w==}
    engines: {node: '>=18'}
    peerDependencies:
      '@polkadot/util': '*'

  '@polkadot/x-bigint@13.5.9':
    resolution: {integrity: sha512-JVW6vw3e8fkcRyN9eoc6JIl63MRxNQCP/tuLdHWZts1tcAYao0hpWUzteqJY93AgvmQ91KPsC1Kf3iuuZCi74g==}
    engines: {node: '>=18'}

  '@polkadot/x-fetch@13.5.9':
    resolution: {integrity: sha512-urwXQZtT4yYROiRdJS6zHu18J/jCoAGpbgPIAjwdqjT11t9XIq4SjuPMxD19xBRhbYe9ocWV8i1KHuoMbZgKbA==}
    engines: {node: '>=18'}

  '@polkadot/x-global@13.5.9':
    resolution: {integrity: sha512-zSRWvELHd3Q+bFkkI1h2cWIqLo1ETm+MxkNXLec3lB56iyq/MjWBxfXnAFFYFayvlEVneo7CLHcp+YTFd9aVSA==}
    engines: {node: '>=18'}

  '@polkadot/x-randomvalues@13.5.9':
    resolution: {integrity: sha512-Uuuz3oubf1JCCK97fsnVUnHvk4BGp/W91mQWJlgl5TIOUSSTIRr+lb5GurCfl4kgnQq53Zi5fJV+qR9YumbnZw==}
    engines: {node: '>=18'}
    peerDependencies:
      '@polkadot/util': 13.5.9
      '@polkadot/wasm-util': '*'

  '@polkadot/x-textdecoder@13.5.9':
    resolution: {integrity: sha512-W2HhVNUbC/tuFdzNMbnXAWsIHSg9SC9QWDNmFD3nXdSzlXNgL8NmuiwN2fkYvCQBtp/XSoy0gDLx0C+Fo19cfw==}
    engines: {node: '>=18'}

  '@polkadot/x-textencoder@13.5.9':
    resolution: {integrity: sha512-SG0MHnLUgn1ZxFdm0KzMdTHJ47SfqFhdIPMcGA0Mg/jt2rwrfrP3jtEIJMsHfQpHvfsNPfv55XOMmoPWuQnP/Q==}
    engines: {node: '>=18'}

  '@polkadot/x-ws@13.5.9':
    resolution: {integrity: sha512-NKVgvACTIvKT8CjaQu9d0dERkZsWIZngX/4NVSjc01WHmln4F4y/zyBdYn/Z2V0Zw28cISx+lB4qxRmqTe7gbg==}
    engines: {node: '>=18'}

  '@scure/base@1.2.6':
    resolution: {integrity: sha512-g/nm5FgUa//MCj1gV09zTJTaM6KBAHqLN907YVQqf7zC49+DcO4B1so4ZX07Ef10Twr6nuqYEH9GEggFXA4Fmg==}

  '@substrate/connect-extension-protocol@2.2.2':
    resolution: {integrity: sha512-t66jwrXA0s5Goq82ZtjagLNd7DPGCNjHeehRlE/gcJmJ+G56C0W+2plqOMRicJ8XGR1/YFnUSEqUFiSNbjGrAA==}

  '@substrate/connect-known-chains@1.10.3':
    resolution: {integrity: sha512-OJEZO1Pagtb6bNE3wCikc2wrmvEU5x7GxFFLqqbz1AJYYxSlrPCGu4N2og5YTExo4IcloNMQYFRkBGue0BKZ4w==}

  '@substrate/connect@0.8.11':
    resolution: {integrity: sha512-ofLs1PAO9AtDdPbdyTYj217Pe+lBfTLltdHDs3ds8no0BseoLeAGxpz1mHfi7zB4IxI3YyAiLjH6U8cw4pj4Nw==}
    deprecated: versions below 1.x are no longer maintained

  '@substrate/light-client-extension-helpers@1.0.0':
    resolution: {integrity: sha512-TdKlni1mBBZptOaeVrKnusMg/UBpWUORNDv5fdCaJklP4RJiFOzBCrzC+CyVI5kQzsXBisZ+2pXm+rIjS38kHg==}
    peerDependencies:
      smoldot: 2.x

  '@substrate/ss58-registry@1.51.0':
    resolution: {integrity: sha512-TWDurLiPxndFgKjVavCniytBIw+t4ViOi7TYp9h/D0NMmkEc9klFTo+827eyEJ0lELpqO207Ey7uGxUa+BS1jQ==}

  '@types/bn.js@5.2.0':
    resolution: {integrity: sha512-DLbJ1BPqxvQhIGbeu8VbUC1DiAiahHtAYvA0ZEAa4P31F7IaArc8z3C3BRQdWX4mtLQuABG4yzp76ZrS02Ui1Q==}

  '@types/node@22.7.5':
    resolution: {integrity: sha512-jML7s2NAzMWc//QSJ1a3prpk78cOPchGvXJsC3C6R6PSMoooztvRVQEz89gmBTBY1SPMaqo5teB4uNHPdetShQ==}

  '@types/node@25.5.0':
    resolution: {integrity: sha512-jp2P3tQMSxWugkCUKLRPVUpGaL5MVFwF8RDuSRztfwgN1wmqJeMSbKlnEtQqU8UrhTmzEmZdu2I6v2dpp7XIxw==}

  aes-js@4.0.0-beta.5:
    resolution: {integrity: sha512-G965FqalsNyrPqgEGON7nIx1e/OVENSgiEIzyC63haUMuvNnwIgIjMs52hlTCKhkBny7A2ORNlfY9Zu+jmGk1Q==}

  bn.js@5.2.3:
    resolution: {integrity: sha512-EAcmnPkxpntVL+DS7bO1zhcZNvCkxqtkd0ZY53h06GNQ3DEkkGZ/gKgmDv6DdZQGj9BgfSPKtJJ7Dp1GPP8f7w==}

  data-uri-to-buffer@4.0.1:
    resolution: {integrity: sha512-0R9ikRb668HB7QDxT1vkpuUBtqc53YyAwMwGeUFKRojY/NWKvdZ+9UYtRfGmhqNbRkTSVpMbmyhXipFFv2cb/A==}
    engines: {node: '>= 12'}

  debug@4.4.3:
    resolution: {integrity: sha512-RGwwWnwQvkVfavKVt22FGLw+xYSdzARwm0ru6DhTVA3umU5hZc28V3kO4stgYryrTlLpuvgI9GiijltAjNbcqA==}
    engines: {node: '>=6.0'}
    peerDependencies:
      supports-color: '*'
    peerDependenciesMeta:
      supports-color:
        optional: true

  esbuild@0.27.4:
    resolution: {integrity: sha512-Rq4vbHnYkK5fws5NF7MYTU68FPRE1ajX7heQ/8QXXWqNgqqJ/GkmmyxIzUnf2Sr/bakf8l54716CcMGHYhMrrQ==}
    engines: {node: '>=18'}
    hasBin: true

  ethers@6.16.0:
    resolution: {integrity: sha512-U1wulmetNymijEhpSEQ7Ct/P/Jw9/e7R1j5XIbPRydgV2DjLVMsULDlNksq3RQnFgKoLlZf88ijYtWEXcPa07A==}
    engines: {node: '>=14.0.0'}

  eventemitter3@5.0.4:
    resolution: {integrity: sha512-mlsTRyGaPBjPedk6Bvw+aqbsXDtoAyAzm5MO7JgU+yVRyMQ5O8bD4Kcci7BS85f93veegeCPkL8R4GLClnjLFw==}

  fetch-blob@3.2.0:
    resolution: {integrity: sha512-7yAQpD2UMJzLi1Dqv7qFYnPbaPx7ZfFK6PiIxQ4PfkGPyNyl2Ugx+a/umUonmKqjhM4DnfbMvdX6otXq83soQQ==}
    engines: {node: ^12.20 || >= 14.13}

  formdata-polyfill@4.0.10:
    resolution: {integrity: sha512-buewHzMvYL29jdeQTVILecSaZKnt/RJWjoZCF5OW60Z67/GmSLBkOFM7qh1PI3zFNtJbaZL5eQu1vLfazOwj4g==}
    engines: {node: '>=12.20.0'}

  fsevents@2.3.3:
    resolution: {integrity: sha512-5xoDfX+fL7faATnagmWPpbFtwh/R77WmMMqqHGS65C3vvB0YHrgF+B1YmZ3441tMj5n63k0212XNoJwzlhffQw==}
    engines: {node: ^8.16.0 || ^10.6.0 || >=11.0.0}
    os: [darwin]

  get-tsconfig@4.13.6:
    resolution: {integrity: sha512-shZT/QMiSHc/YBLxxOkMtgSid5HFoauqCE3/exfsEcwg1WkeqjG+V40yBbBrsD+jW2HDXcs28xOfcbm2jI8Ddw==}

  json-stringify-safe@5.0.1:
    resolution: {integrity: sha512-ZClg6AaYvamvYEE82d3Iyd3vSSIjQ+odgjaTzRuO3s7toCdFKczob2i0zCh7JE8kWn17yvAWhUVxvqGwUalsRA==}

  mock-socket@9.3.1:
    resolution: {integrity: sha512-qxBgB7Qa2sEQgHFjj0dSigq7fX4k6Saisd5Nelwp2q8mlbAFh5dHV9JTTlF8viYJLSSWgMCZFUom8PJcMNBoJw==}
    engines: {node: '>= 8'}

  ms@2.1.3:
    resolution: {integrity: sha512-6FlzubTLZG3J2a/NVCAleEhjzq5oxgHyaCU9yYXvcLsvoVaHJq/s5xXI6/XXP6tz7R9xAOtHnSO/tXtF3WRTlA==}

  nock@13.5.6:
    resolution: {integrity: sha512-o2zOYiCpzRqSzPj0Zt/dQ/DqZeYoaQ7TUonc/xUPjCGl9WeHpNbxgVvOquXYAaJzI0M9BXV3HTzG0p8IUAbBTQ==}
    engines: {node: '>= 10.13'}

  node-domexception@1.0.0:
    resolution: {integrity: sha512-/jKZoMpw0F8GRwl4/eLROPA3cfcXtLApP0QzLmUT/HuPCZWyB7IY9ZrMeKw2O/nFIqPQB3PVM9aYm0F312AXDQ==}
    engines: {node: '>=10.5.0'}
    deprecated: Use your platform's native DOMException instead

  node-fetch@3.3.2:
    resolution: {integrity: sha512-dRB78srN/l6gqWulah9SrxeYnxeddIG30+GOqK/9OlLVyLg3HPnr6SqOWTWOXKRwC2eGYCkZ59NNuSgvSrpgOA==}
    engines: {node: ^12.20.0 || ^14.13.1 || >=16.0.0}

  propagate@2.0.1:
    resolution: {integrity: sha512-vGrhOavPSTz4QVNuBNdcNXePNdNMaO1xj9yBeH1ScQPjk/rhg9sSlCXPhMkFuaNNW/syTvYqsnbIJxMBfRbbag==}
    engines: {node: '>= 8'}

  resolve-pkg-maps@1.0.0:
    resolution: {integrity: sha512-seS2Tj26TBVOC2NIc2rOe2y2ZO7efxITtLZcGSOnHHNOQ7CkiUBfw0Iw2ck6xkIhPwLhKNLS8BO+hEpngQlqzw==}

  rxjs@7.8.2:
    resolution: {integrity: sha512-dhKf903U/PQZY6boNNtAGdWbG85WAbjT/1xYoZIC7FAY0yWapOBQVsVrDl58W86//e1VpMNBtRV4MaXfdMySFA==}

  scale-ts@1.6.1:
    resolution: {integrity: sha512-PBMc2AWc6wSEqJYBDPcyCLUj9/tMKnLX70jLOSndMtcUoLQucP/DM0vnQo1wJAYjTrQiq8iG9rD0q6wFzgjH7g==}

  smoldot@2.0.26:
    resolution: {integrity: sha512-F+qYmH4z2s2FK+CxGj8moYcd1ekSIKH8ywkdqlOz88Dat35iB1DIYL11aILN46YSGMzQW/lbJNS307zBSDN5Ig==}

  tslib@2.7.0:
    resolution: {integrity: sha512-gLXCKdN1/j47AiHiOkJN69hJmcbGTHI0ImLmbYLHykhgeN0jVGola9yVjFgzCUklsZQMW55o+dW7IXv3RCXDzA==}

  tslib@2.8.1:
    resolution: {integrity: sha512-oJFu94HQb+KVduSUQL7wnpmqnfmLsOA/nAh6b6EH0wCEoK0/mPeXU6c3wKDV83MkOuHPRHtSXKKU99IBazS/2w==}

  tsx@4.21.0:
    resolution: {integrity: sha512-5C1sg4USs1lfG0GFb2RLXsdpXqBSEhAaA/0kPL01wxzpMqLILNxIxIOKiILz+cdg/pLnOUxFYOR5yhHU666wbw==}
    engines: {node: '>=18.0.0'}
    hasBin: true

  undici-types@6.19.8:
    resolution: {integrity: sha512-ve2KP6f/JnbPBFyobGHuerC9g1FYGn/F8n1LWTwNxCEzd6IfqTwUQcNXgEtmmQ6DlRrC1hrSrBnCZPokRrDHjw==}

  undici-types@7.18.2:
    resolution: {integrity: sha512-AsuCzffGHJybSaRrmr5eHr81mwJU3kjw6M+uprWvCXiNeN9SOGwQ3Jn8jb8m3Z6izVgknn1R0FTCEAP2QrLY/w==}

  web-streams-polyfill@3.3.3:
    resolution: {integrity: sha512-d2JWLCivmZYTSIoge9MsgFCZrt571BikcWGYkjC1khllbTeDlGqZ2D8vD8E/lJa8WGWbb7Plm8/XJYV7IJHZZw==}
    engines: {node: '>= 8'}

  ws@8.17.1:
    resolution: {integrity: sha512-6XQFvXTkbfUOZOKKILFG1PDK2NDQs4azKQl26T0YS5CxqWLgXajbPZ+h4gZekJyRqFU8pvnbAbbs/3TgRPy+GQ==}
    engines: {node: '>=10.0.0'}
    peerDependencies:
      bufferutil: ^4.0.1
      utf-8-validate: '>=5.0.2'
    peerDependenciesMeta:
      bufferutil:
        optional: true
      utf-8-validate:
        optional: true

  ws@8.19.0:
    resolution: {integrity: sha512-blAT2mjOEIi0ZzruJfIhb3nps74PRWTCz1IjglWEEpQl5XS/UNama6u2/rjFkDDouqr4L67ry+1aGIALViWjDg==}
    engines: {node: '>=10.0.0'}
    peerDependencies:
      bufferutil: ^4.0.1
      utf-8-validate: '>=5.0.2'
    peerDependenciesMeta:
      bufferutil:
        optional: true
      utf-8-validate:
        optional: true

snapshots:

  '@adraffy/ens-normalize@1.10.1': {}

  '@esbuild/aix-ppc64@0.27.4':
    optional: true

  '@esbuild/android-arm64@0.27.4':
    optional: true

  '@esbuild/android-arm@0.27.4':
    optional: true

  '@esbuild/android-x64@0.27.4':
    optional: true

  '@esbuild/darwin-arm64@0.27.4':
    optional: true

  '@esbuild/darwin-x64@0.27.4':
    optional: true

  '@esbuild/freebsd-arm64@0.27.4':
    optional: true

  '@esbuild/freebsd-x64@0.27.4':
    optional: true

  '@esbuild/linux-arm64@0.27.4':
    optional: true

  '@esbuild/linux-arm@0.27.4':
    optional: true

  '@esbuild/linux-ia32@0.27.4':
    optional: true

  '@esbuild/linux-loong64@0.27.4':
    optional: true

  '@esbuild/linux-mips64el@0.27.4':
    optional: true

  '@esbuild/linux-ppc64@0.27.4':
    optional: true

  '@esbuild/linux-riscv64@0.27.4':
    optional: true

  '@esbuild/linux-s390x@0.27.4':
    optional: true

  '@esbuild/linux-x64@0.27.4':
    optional: true

  '@esbuild/netbsd-arm64@0.27.4':
    optional: true

  '@esbuild/netbsd-x64@0.27.4':
    optional: true

  '@esbuild/openbsd-arm64@0.27.4':
    optional: true

  '@esbuild/openbsd-x64@0.27.4':
    optional: true

  '@esbuild/openharmony-arm64@0.27.4':
    optional: true

  '@esbuild/sunos-x64@0.27.4':
    optional: true

  '@esbuild/win32-arm64@0.27.4':
    optional: true

  '@esbuild/win32-ia32@0.27.4':
    optional: true

  '@esbuild/win32-x64@0.27.4':
    optional: true

  '@noble/curves@1.2.0':
    dependencies:
      '@noble/hashes': 1.3.2

  '@noble/curves@1.9.7':
    dependencies:
      '@noble/hashes': 1.8.0

  '@noble/hashes@1.3.2': {}

  '@noble/hashes@1.8.0': {}

  '@polkadot-api/json-rpc-provider-proxy@0.1.0':
    optional: true

  '@polkadot-api/json-rpc-provider@0.0.1':
    optional: true

  '@polkadot-api/metadata-builders@0.3.2':
    dependencies:
      '@polkadot-api/substrate-bindings': 0.6.0
      '@polkadot-api/utils': 0.1.0
    optional: true

  '@polkadot-api/observable-client@0.3.2(@polkadot-api/substrate-client@0.1.4)(rxjs@7.8.2)':
    dependencies:
      '@polkadot-api/metadata-builders': 0.3.2
      '@polkadot-api/substrate-bindings': 0.6.0
      '@polkadot-api/substrate-client': 0.1.4
      '@polkadot-api/utils': 0.1.0
      rxjs: 7.8.2
    optional: true

  '@polkadot-api/substrate-bindings@0.6.0':
    dependencies:
      '@noble/hashes': 1.8.0
      '@polkadot-api/utils': 0.1.0
      '@scure/base': 1.2.6
      scale-ts: 1.6.1
    optional: true

  '@polkadot-api/substrate-client@0.1.4':
    dependencies:
      '@polkadot-api/json-rpc-provider': 0.0.1
      '@polkadot-api/utils': 0.1.0
    optional: true

  '@polkadot-api/utils@0.1.0':
    optional: true

  '@polkadot/api-augment@15.10.2':
    dependencies:
      '@polkadot/api-base': 15.10.2
      '@polkadot/rpc-augment': 15.10.2
      '@polkadot/types': 15.10.2
      '@polkadot/types-augment': 15.10.2
      '@polkadot/types-codec': 15.10.2
      '@polkadot/util': 13.5.9
      tslib: 2.8.1
    transitivePeerDependencies:
      - bufferutil
      - supports-color
      - utf-8-validate

  '@polkadot/api-base@15.10.2':
    dependencies:
      '@polkadot/rpc-core': 15.10.2
      '@polkadot/types': 15.10.2
      '@polkadot/util': 13.5.9
      rxjs: 7.8.2
      tslib: 2.8.1
    transitivePeerDependencies:
      - bufferutil
      - supports-color
      - utf-8-validate

  '@polkadot/api-derive@15.10.2':
    dependencies:
      '@polkadot/api': 15.10.2
      '@polkadot/api-augment': 15.10.2
      '@polkadot/api-base': 15.10.2
      '@polkadot/rpc-core': 15.10.2
      '@polkadot/types': 15.10.2
      '@polkadot/types-codec': 15.10.2
      '@polkadot/util': 13.5.9
      '@polkadot/util-crypto': 13.5.9(@polkadot/util@13.5.9)
      rxjs: 7.8.2
      tslib: 2.8.1
    transitivePeerDependencies:
      - bufferutil
      - supports-color
      - utf-8-validate

  '@polkadot/api@15.10.2':
    dependencies:
      '@polkadot/api-augment': 15.10.2
      '@polkadot/api-base': 15.10.2
      '@polkadot/api-derive': 15.10.2
      '@polkadot/keyring': 13.5.9(@polkadot/util-crypto@13.5.9(@polkadot/util@13.5.9))(@polkadot/util@13.5.9)
      '@polkadot/rpc-augment': 15.10.2
      '@polkadot/rpc-core': 15.10.2
      '@polkadot/rpc-provider': 15.10.2
      '@polkadot/types': 15.10.2
      '@polkadot/types-augment': 15.10.2
      '@polkadot/types-codec': 15.10.2
      '@polkadot/types-create': 15.10.2
      '@polkadot/types-known': 15.10.2
      '@polkadot/util': 13.5.9
      '@polkadot/util-crypto': 13.5.9(@polkadot/util@13.5.9)
      eventemitter3: 5.0.4
      rxjs: 7.8.2
      tslib: 2.8.1
    transitivePeerDependencies:
      - bufferutil
      - supports-color
      - utf-8-validate

  '@polkadot/keyring@13.5.9(@polkadot/util-crypto@13.5.9(@polkadot/util@13.5.9))(@polkadot/util@13.5.9)':
    dependencies:
      '@polkadot/util': 13.5.9
      '@polkadot/util-crypto': 13.5.9(@polkadot/util@13.5.9)
      tslib: 2.8.1

  '@polkadot/networks@13.5.9':
    dependencies:
      '@polkadot/util': 13.5.9
      '@substrate/ss58-registry': 1.51.0
      tslib: 2.8.1

  '@polkadot/rpc-augment@15.10.2':
    dependencies:
      '@polkadot/rpc-core': 15.10.2
      '@polkadot/types': 15.10.2
      '@polkadot/types-codec': 15.10.2
      '@polkadot/util': 13.5.9
      tslib: 2.8.1
    transitivePeerDependencies:
      - bufferutil
      - supports-color
      - utf-8-validate

  '@polkadot/rpc-core@15.10.2':
    dependencies:
      '@polkadot/rpc-augment': 15.10.2
      '@polkadot/rpc-provider': 15.10.2
      '@polkadot/types': 15.10.2
      '@polkadot/util': 13.5.9
      rxjs: 7.8.2
      tslib: 2.8.1
    transitivePeerDependencies:
      - bufferutil
      - supports-color
      - utf-8-validate

  '@polkadot/rpc-provider@15.10.2':
    dependencies:
      '@polkadot/keyring': 13.5.9(@polkadot/util-crypto@13.5.9(@polkadot/util@13.5.9))(@polkadot/util@13.5.9)
      '@polkadot/types': 15.10.2
      '@polkadot/types-support': 15.10.2
      '@polkadot/util': 13.5.9
      '@polkadot/util-crypto': 13.5.9(@polkadot/util@13.5.9)
      '@polkadot/x-fetch': 13.5.9
      '@polkadot/x-global': 13.5.9
      '@polkadot/x-ws': 13.5.9
      eventemitter3: 5.0.4
      mock-socket: 9.3.1
      nock: 13.5.6
      tslib: 2.8.1
    optionalDependencies:
      '@substrate/connect': 0.8.11
    transitivePeerDependencies:
      - bufferutil
      - supports-color
      - utf-8-validate

  '@polkadot/types-augment@15.10.2':
    dependencies:
      '@polkadot/types': 15.10.2
      '@polkadot/types-codec': 15.10.2
      '@polkadot/util': 13.5.9
      tslib: 2.8.1

  '@polkadot/types-codec@15.10.2':
    dependencies:
      '@polkadot/util': 13.5.9
      '@polkadot/x-bigint': 13.5.9
      tslib: 2.8.1

  '@polkadot/types-create@15.10.2':
    dependencies:
      '@polkadot/types-codec': 15.10.2
      '@polkadot/util': 13.5.9
      tslib: 2.8.1

  '@polkadot/types-known@15.10.2':
    dependencies:
      '@polkadot/networks': 13.5.9
      '@polkadot/types': 15.10.2
      '@polkadot/types-codec': 15.10.2
      '@polkadot/types-create': 15.10.2
      '@polkadot/util': 13.5.9
      tslib: 2.8.1

  '@polkadot/types-support@15.10.2':
    dependencies:
      '@polkadot/util': 13.5.9
      tslib: 2.8.1

  '@polkadot/types@15.10.2':
    dependencies:
      '@polkadot/keyring': 13.5.9(@polkadot/util-crypto@13.5.9(@polkadot/util@13.5.9))(@polkadot/util@13.5.9)
      '@polkadot/types-augment': 15.10.2
      '@polkadot/types-codec': 15.10.2
      '@polkadot/types-create': 15.10.2
      '@polkadot/util': 13.5.9
      '@polkadot/util-crypto': 13.5.9(@polkadot/util@13.5.9)
      rxjs: 7.8.2
      tslib: 2.8.1

  '@polkadot/util-crypto@13.5.9(@polkadot/util@13.5.9)':
    dependencies:
      '@noble/curves': 1.9.7
      '@noble/hashes': 1.8.0
      '@polkadot/networks': 13.5.9
      '@polkadot/util': 13.5.9
      '@polkadot/wasm-crypto': 7.5.4(@polkadot/util@13.5.9)(@polkadot/x-randomvalues@13.5.9(@polkadot/util@13.5.9)(@polkadot/wasm-util@7.5.4(@polkadot/util@13.5.9)))
      '@polkadot/wasm-util': 7.5.4(@polkadot/util@13.5.9)
      '@polkadot/x-bigint': 13.5.9
      '@polkadot/x-randomvalues': 13.5.9(@polkadot/util@13.5.9)(@polkadot/wasm-util@7.5.4(@polkadot/util@13.5.9))
      '@scure/base': 1.2.6
      tslib: 2.8.1

  '@polkadot/util@13.5.9':
    dependencies:
      '@polkadot/x-bigint': 13.5.9
      '@polkadot/x-global': 13.5.9
      '@polkadot/x-textdecoder': 13.5.9
      '@polkadot/x-textencoder': 13.5.9
      '@types/bn.js': 5.2.0
      bn.js: 5.2.3
      tslib: 2.8.1

  '@polkadot/wasm-bridge@7.5.4(@polkadot/util@13.5.9)(@polkadot/x-randomvalues@13.5.9(@polkadot/util@13.5.9)(@polkadot/wasm-util@7.5.4(@polkadot/util@13.5.9)))':
    dependencies:
      '@polkadot/util': 13.5.9
      '@polkadot/wasm-util': 7.5.4(@polkadot/util@13.5.9)
      '@polkadot/x-randomvalues': 13.5.9(@polkadot/util@13.5.9)(@polkadot/wasm-util@7.5.4(@polkadot/util@13.5.9))
      tslib: 2.8.1

  '@polkadot/wasm-crypto-asmjs@7.5.4(@polkadot/util@13.5.9)':
    dependencies:
      '@polkadot/util': 13.5.9
      tslib: 2.8.1

  '@polkadot/wasm-crypto-init@7.5.4(@polkadot/util@13.5.9)(@polkadot/x-randomvalues@13.5.9(@polkadot/util@13.5.9)(@polkadot/wasm-util@7.5.4(@polkadot/util@13.5.9)))':
    dependencies:
      '@polkadot/util': 13.5.9
      '@polkadot/wasm-bridge': 7.5.4(@polkadot/util@13.5.9)(@polkadot/x-randomvalues@13.5.9(@polkadot/util@13.5.9)(@polkadot/wasm-util@7.5.4(@polkadot/util@13.5.9)))
      '@polkadot/wasm-crypto-asmjs': 7.5.4(@polkadot/util@13.5.9)
      '@polkadot/wasm-crypto-wasm': 7.5.4(@polkadot/util@13.5.9)
      '@polkadot/wasm-util': 7.5.4(@polkadot/util@13.5.9)
      '@polkadot/x-randomvalues': 13.5.9(@polkadot/util@13.5.9)(@polkadot/wasm-util@7.5.4(@polkadot/util@13.5.9))
      tslib: 2.8.1

  '@polkadot/wasm-crypto-wasm@7.5.4(@polkadot/util@13.5.9)':
    dependencies:
      '@polkadot/util': 13.5.9
      '@polkadot/wasm-util': 7.5.4(@polkadot/util@13.5.9)
      tslib: 2.8.1

  '@polkadot/wasm-crypto@7.5.4(@polkadot/util@13.5.9)(@polkadot/x-randomvalues@13.5.9(@polkadot/util@13.5.9)(@polkadot/wasm-util@7.5.4(@polkadot/util@13.5.9)))':
    dependencies:
      '@polkadot/util': 13.5.9
      '@polkadot/wasm-bridge': 7.5.4(@polkadot/util@13.5.9)(@polkadot/x-randomvalues@13.5.9(@polkadot/util@13.5.9)(@polkadot/wasm-util@7.5.4(@polkadot/util@13.5.9)))
      '@polkadot/wasm-crypto-asmjs': 7.5.4(@polkadot/util@13.5.9)
      '@polkadot/wasm-crypto-init': 7.5.4(@polkadot/util@13.5.9)(@polkadot/x-randomvalues@13.5.9(@polkadot/util@13.5.9)(@polkadot/wasm-util@7.5.4(@polkadot/util@13.5.9)))
      '@polkadot/wasm-crypto-wasm': 7.5.4(@polkadot/util@13.5.9)
      '@polkadot/wasm-util': 7.5.4(@polkadot/util@13.5.9)
      '@polkadot/x-randomvalues': 13.5.9(@polkadot/util@13.5.9)(@polkadot/wasm-util@7.5.4(@polkadot/util@13.5.9))
      tslib: 2.8.1

  '@polkadot/wasm-util@7.5.4(@polkadot/util@13.5.9)':
    dependencies:
      '@polkadot/util': 13.5.9
      tslib: 2.8.1

  '@polkadot/x-bigint@13.5.9':
    dependencies:
      '@polkadot/x-global': 13.5.9
      tslib: 2.8.1

  '@polkadot/x-fetch@13.5.9':
    dependencies:
      '@polkadot/x-global': 13.5.9
      node-fetch: 3.3.2
      tslib: 2.8.1

  '@polkadot/x-global@13.5.9':
    dependencies:
      tslib: 2.8.1

  '@polkadot/x-randomvalues@13.5.9(@polkadot/util@13.5.9)(@polkadot/wasm-util@7.5.4(@polkadot/util@13.5.9))':
    dependencies:
      '@polkadot/util': 13.5.9
      '@polkadot/wasm-util': 7.5.4(@polkadot/util@13.5.9)
      '@polkadot/x-global': 13.5.9
      tslib: 2.8.1

  '@polkadot/x-textdecoder@13.5.9':
    dependencies:
      '@polkadot/x-global': 13.5.9
      tslib: 2.8.1

  '@polkadot/x-textencoder@13.5.9':
    dependencies:
      '@polkadot/x-global': 13.5.9
      tslib: 2.8.1

  '@polkadot/x-ws@13.5.9':
    dependencies:
      '@polkadot/x-global': 13.5.9
      tslib: 2.8.1
      ws: 8.19.0
    transitivePeerDependencies:
      - bufferutil
      - utf-8-validate

  '@scure/base@1.2.6': {}

  '@substrate/connect-extension-protocol@2.2.2':
    optional: true

  '@substrate/connect-known-chains@1.10.3':
    optional: true

  '@substrate/connect@0.8.11':
    dependencies:
      '@substrate/connect-extension-protocol': 2.2.2
      '@substrate/connect-known-chains': 1.10.3
      '@substrate/light-client-extension-helpers': 1.0.0(smoldot@2.0.26)
      smoldot: 2.0.26
    transitivePeerDependencies:
      - bufferutil
      - utf-8-validate
    optional: true

  '@substrate/light-client-extension-helpers@1.0.0(smoldot@2.0.26)':
    dependencies:
      '@polkadot-api/json-rpc-provider': 0.0.1
      '@polkadot-api/json-rpc-provider-proxy': 0.1.0
      '@polkadot-api/observable-client': 0.3.2(@polkadot-api/substrate-client@0.1.4)(rxjs@7.8.2)
      '@polkadot-api/substrate-client': 0.1.4
      '@substrate/connect-extension-protocol': 2.2.2
      '@substrate/connect-known-chains': 1.10.3
      rxjs: 7.8.2
      smoldot: 2.0.26
    optional: true

  '@substrate/ss58-registry@1.51.0': {}

  '@types/bn.js@5.2.0':
    dependencies:
      '@types/node': 25.5.0

  '@types/node@22.7.5':
    dependencies:
      undici-types: 6.19.8

  '@types/node@25.5.0':
    dependencies:
      undici-types: 7.18.2

  aes-js@4.0.0-beta.5: {}

  bn.js@5.2.3: {}

  data-uri-to-buffer@4.0.1: {}

  debug@4.4.3:
    dependencies:
      ms: 2.1.3

  esbuild@0.27.4:
    optionalDependencies:
      '@esbuild/aix-ppc64': 0.27.4
      '@esbuild/android-arm': 0.27.4
      '@esbuild/android-arm64': 0.27.4
      '@esbuild/android-x64': 0.27.4
      '@esbuild/darwin-arm64': 0.27.4
      '@esbuild/darwin-x64': 0.27.4
      '@esbuild/freebsd-arm64': 0.27.4
      '@esbuild/freebsd-x64': 0.27.4
      '@esbuild/linux-arm': 0.27.4
      '@esbuild/linux-arm64': 0.27.4
      '@esbuild/linux-ia32': 0.27.4
      '@esbuild/linux-loong64': 0.27.4
      '@esbuild/linux-mips64el': 0.27.4
      '@esbuild/linux-ppc64': 0.27.4
      '@esbuild/linux-riscv64': 0.27.4
      '@esbuild/linux-s390x': 0.27.4
      '@esbuild/linux-x64': 0.27.4
      '@esbuild/netbsd-arm64': 0.27.4
      '@esbuild/netbsd-x64': 0.27.4
      '@esbuild/openbsd-arm64': 0.27.4
      '@esbuild/openbsd-x64': 0.27.4
      '@esbuild/openharmony-arm64': 0.27.4
      '@esbuild/sunos-x64': 0.27.4
      '@esbuild/win32-arm64': 0.27.4
      '@esbuild/win32-ia32': 0.27.4
      '@esbuild/win32-x64': 0.27.4

  ethers@6.16.0:
    dependencies:
      '@adraffy/ens-normalize': 1.10.1
      '@noble/curves': 1.2.0
      '@noble/hashes': 1.3.2
      '@types/node': 22.7.5
      aes-js: 4.0.0-beta.5
      tslib: 2.7.0
      ws: 8.17.1
    transitivePeerDependencies:
      - bufferutil
      - utf-8-validate

  eventemitter3@5.0.4: {}

  fetch-blob@3.2.0:
    dependencies:
      node-domexception: 1.0.0
      web-streams-polyfill: 3.3.3

  formdata-polyfill@4.0.10:
    dependencies:
      fetch-blob: 3.2.0

  fsevents@2.3.3:
    optional: true

  get-tsconfig@4.13.6:
    dependencies:
      resolve-pkg-maps: 1.0.0

  json-stringify-safe@5.0.1: {}

  mock-socket@9.3.1: {}

  ms@2.1.3: {}

  nock@13.5.6:
    dependencies:
      debug: 4.4.3
      json-stringify-safe: 5.0.1
      propagate: 2.0.1
    transitivePeerDependencies:
      - supports-color

  node-domexception@1.0.0: {}

  node-fetch@3.3.2:
    dependencies:
      data-uri-to-buffer: 4.0.1
      fetch-blob: 3.2.0
      formdata-polyfill: 4.0.10

  propagate@2.0.1: {}

  resolve-pkg-maps@1.0.0: {}

  rxjs@7.8.2:
    dependencies:
      tslib: 2.8.1

  scale-ts@1.6.1:
    optional: true

  smoldot@2.0.26:
    dependencies:
      ws: 8.19.0
    transitivePeerDependencies:
      - bufferutil
      - utf-8-validate
    optional: true

  tslib@2.7.0: {}

  tslib@2.8.1: {}

  tsx@4.21.0:
    dependencies:
      esbuild: 0.27.4
      get-tsconfig: 4.13.6
    optionalDependencies:
      fsevents: 2.3.3

  undici-types@6.19.8: {}

  undici-types@7.18.2: {}

  web-streams-polyfill@3.3.3: {}

  ws@8.17.1: {}

  ws@8.19.0: {}
