[[package]]
name = "base58"
version = "2.1.1"
description = "Base58 and Base58Check implementation."
category = "main"
optional = false
python-versions = ">=3.5"

[package.extras]
tests = ["mypy", "PyHamcrest (>=2.0.2)", "pytest (>=4.6)", "pytest-benchmark", "pytest-cov", "pytest-flake8"]

[[package]]
name = "certifi"
version = "2023.11.17"
description = "Python package for providing Mozilla's CA Bundle."
category = "main"
optional = false
python-versions = ">=3.6"

[[package]]
name = "cffi"
version = "1.16.0"
description = "Foreign Function Interface for Python calling C code."
category = "main"
optional = false
python-versions = ">=3.8"

[package.dependencies]
pycparser = "*"

[[package]]
name = "charset-normalizer"
version = "3.3.2"
description = "The Real First Universal Charset Detector. Open, modern and actively maintained alternative to Chardet."
category = "main"
optional = false
python-versions = ">=3.7.0"

[[package]]
name = "click"
version = "8.1.7"
description = "Composable command line interface toolkit"
category = "main"
optional = false
python-versions = ">=3.7"

[package.dependencies]
colorama = {version = "*", markers = "platform_system == \"Windows\""}

[[package]]
name = "colorama"
version = "0.4.6"
description = "Cross-platform colored terminal text."
category = "main"
optional = false
python-versions = "!=3.0.*,!=3.1.*,!=3.2.*,!=3.3.*,!=3.4.*,!=3.5.*,!=3.6.*,>=2.7"

[[package]]
name = "cytoolz"
version = "0.12.2"
description = "Cython implementation of Toolz: High performance functional utilities"
category = "main"
optional = false
python-versions = ">=3.6"

[package.dependencies]
toolz = ">=0.8.0"

[package.extras]
cython = ["cython"]

[[package]]
name = "ecdsa"
version = "0.18.0"
description = "ECDSA cryptographic signature library (pure python)"
category = "main"
optional = false
python-versions = ">=2.6, !=3.0.*, !=3.1.*, !=3.2.*"

[package.dependencies]
six = ">=1.9.0"

[package.extras]
gmpy = ["gmpy"]
gmpy2 = ["gmpy2"]

[[package]]
name = "eth-hash"
version = "0.5.2"
description = "eth-hash: The Ethereum hashing function, keccak256, sometimes (erroneously) called sha3"
category = "main"
optional = false
python-versions = ">=3.7, <4"

[package.extras]
dev = ["bumpversion (>=0.5.3)", "pytest-watch (>=4.1.0)", "tox (>=4.0.0)", "build (>=0.9.0)", "wheel", "twine", "ipython", "pytest (>=7.0.0)", "pytest-xdist (>=2.4.0)", "flake8 (==6.0.0)", "flake8-bugbear (==23.3.23)", "isort (>=5.10.1)", "mypy (==0.971)", "pydocstyle (>=6.0.0)", "black (>=23)", "sphinx (>=6.0.0)", "sphinx-rtd-theme (>=1.0.0)", "towncrier (>=21,<22)"]
doc = ["sphinx (>=6.0.0)", "sphinx-rtd-theme (>=1.0.0)", "towncrier (>=21,<22)"]
lint = ["flake8 (==6.0.0)", "flake8-bugbear (==23.3.23)", "isort (>=5.10.1)", "mypy (==0.971)", "pydocstyle (>=6.0.0)", "black (>=23)"]
pycryptodome = ["pycryptodome (>=3.6.6,<4)"]
pysha3 = ["pysha3 (>=1.0.0,<2.0.0)", "safe-pysha3 (>=1.0.0)"]
test = ["pytest (>=7.0.0)", "pytest-xdist (>=2.4.0)"]

[[package]]
name = "eth-keys"
version = "0.4.0"
description = "Common API for Ethereum key operations."
category = "main"
optional = false
python-versions = "*"

[package.dependencies]
eth-typing = ">=3.0.0,<4"
eth-utils = ">=2.0.0,<3.0.0"

[package.extras]
coincurve = ["coincurve (>=7.0.0,<16.0.0)"]
dev = ["tox (==3.20.0)", "bumpversion (==0.5.3)", "twine", "eth-utils (>=2.0.0,<3.0.0)", "eth-typing (>=3.0.0,<4)", "flake8 (==3.0.4)", "mypy (==0.782)", "asn1tools (>=0.146.2,<0.147)", "factory-boy (>=3.0.1,<3.1)", "pyasn1 (>=0.4.5,<0.5)", "pytest (==6.2.5)", "hypothesis (>=5.10.3,<6.0.0)", "eth-hash", "eth-hash"]
eth-keys = ["eth-utils (>=2.0.0,<3.0.0)", "eth-typing (>=3.0.0,<4)"]
lint = ["flake8 (==3.0.4)", "mypy (==0.782)"]
test = ["asn1tools (>=0.146.2,<0.147)", "factory-boy (>=3.0.1,<3.1)", "pyasn1 (>=0.4.5,<0.5)", "pytest (==6.2.5)", "hypothesis (>=5.10.3,<6.0.0)", "eth-hash", "eth-hash"]

[[package]]
name = "eth-typing"
version = "3.5.2"
description = "eth-typing: Common type annotations for ethereum python packages"
category = "main"
optional = false
python-versions = ">=3.7.2, <4"

[package.dependencies]
typing-extensions = ">=4.0.1"

[package.extras]
dev = ["bumpversion (>=0.5.3)", "pytest-watch (>=4.1.0)", "tox (>=4.0.0)", "build (>=0.9.0)", "wheel", "twine", "ipython", "pytest (>=7.0.0)", "pytest-xdist (>=2.4.0)", "flake8 (==6.0.0)", "flake8-bugbear (==23.3.23)", "isort (>=5.10.1)", "mypy (==0.971)", "pydocstyle (>=6.0.0)", "black (>=23)", "types-setuptools", "sphinx (>=5.0.0)", "sphinx-rtd-theme (>=1.0.0)", "towncrier (>=21,<22)"]
docs = ["sphinx (>=5.0.0)", "sphinx-rtd-theme (>=1.0.0)", "towncrier (>=21,<22)"]
lint = ["flake8 (==6.0.0)", "flake8-bugbear (==23.3.23)", "isort (>=5.10.1)", "mypy (==0.971)", "pydocstyle (>=6.0.0)", "black (>=23)", "types-setuptools"]
test = ["pytest (>=7.0.0)", "pytest-xdist (>=2.4.0)"]

[[package]]
name = "eth-utils"
version = "2.3.1"
description = "eth-utils: Common utility functions for python code that interacts with Ethereum"
category = "main"
optional = false
python-versions = ">=3.7,<4"

[package.dependencies]
cytoolz = {version = ">=0.10.1", markers = "implementation_name == \"cpython\""}
eth-hash = ">=0.3.1"
eth-typing = ">=3.0.0"
toolz = {version = ">0.8.2", markers = "implementation_name == \"pypy\""}

[package.extras]
dev = ["bumpversion (>=0.5.3)", "pytest-watch (>=4.1.0)", "tox (>=4.0.0)", "build (>=0.9.0)", "wheel", "twine", "ipython", "eth-hash", "hypothesis (>=4.43.0)", "pytest (>=7.0.0)", "pytest-xdist (>=2.4.0)", "types-setuptools", "mypy (==0.971)", "flake8 (==3.8.3)", "isort (>=5.11.0)", "pydocstyle (>=5.0.0)", "black (>=23)", "sphinx (>=5.0.0)", "sphinx-rtd-theme (>=1.0.0)", "towncrier (>=21,<22)"]
docs = ["sphinx (>=5.0.0)", "sphinx-rtd-theme (>=1.0.0)", "towncrier (>=21,<22)"]
lint = ["flake8 (==3.8.3)", "isort (>=5.11.0)", "mypy (==0.971)", "pydocstyle (>=5.0.0)", "black (>=23)", "types-setuptools"]
test = ["hypothesis (>=4.43.0)", "pytest (>=7.0.0)", "pytest-xdist (>=2.4.0)", "types-setuptools", "mypy (==0.971)"]

[[package]]
name = "exceptiongroup"
version = "1.2.0"
description = "Backport of PEP 654 (exception groups)"
category = "main"
optional = false
python-versions = ">=3.7"

[package.extras]
test = ["pytest (>=6)"]

[[package]]
name = "hydradx-api"
version = "0.2.7"
description = "HydraDX interface"
category = "main"
optional = false
python-versions = ">=3.9,<4.0"

[package.dependencies]
click = ">=8.1.7,<9.0.0"
pytest = ">=7.4.2,<8.0.0"
substrate-interface = ">=1.7.4,<2.0.0"

[[package]]
name = "idna"
version = "3.6"
description = "Internationalized Domain Names in Applications (IDNA)"
category = "main"
optional = false
python-versions = ">=3.5"

[[package]]
name = "iniconfig"
version = "2.0.0"
description = "brain-dead simple config-ini parsing"
category = "main"
optional = false
python-versions = ">=3.7"

[[package]]
name = "more-itertools"
version = "10.1.0"
description = "More routines for operating on iterables, beyond itertools"
category = "main"
optional = false
python-versions = ">=3.8"

[[package]]
name = "packaging"
version = "23.2"
description = "Core utilities for Python packages"
category = "main"
optional = false
python-versions = ">=3.7"

[[package]]
name = "pluggy"
version = "1.3.0"
description = "plugin and hook calling mechanisms for python"
category = "main"
optional = false
python-versions = ">=3.8"

[package.extras]
dev = ["pre-commit", "tox"]
testing = ["pytest", "pytest-benchmark"]

[[package]]
name = "py-bip39-bindings"
version = "0.1.11"
description = "Python bindings for tiny-bip39 RUST crate"
category = "main"
optional = false
python-versions = "*"

[[package]]
name = "py-ed25519-zebra-bindings"
version = "1.0.1"
description = "Python bindings for the ed25519-zebra RUST crate"
category = "main"
optional = false
python-versions = "*"

[[package]]
name = "py-sr25519-bindings"
version = "0.2.0"
description = "Python bindings for sr25519 library"
category = "main"
optional = false
python-versions = "*"

[[package]]
name = "pycparser"
version = "2.21"
description = "C parser in Python"
category = "main"
optional = false
python-versions = ">=2.7, !=3.0.*, !=3.1.*, !=3.2.*, !=3.3.*"

[[package]]
name = "pycryptodome"
version = "3.19.1"
description = "Cryptographic library for Python"
category = "main"
optional = false
python-versions = ">=2.7, !=3.0.*, !=3.1.*, !=3.2.*, !=3.3.*, !=3.4.*"

[[package]]
name = "pynacl"
version = "1.5.0"
description = "Python binding to the Networking and Cryptography (NaCl) library"
category = "main"
optional = false
python-versions = ">=3.6"

[package.dependencies]
cffi = ">=1.4.1"

[package.extras]
docs = ["sphinx (>=1.6.5)", "sphinx-rtd-theme"]
tests = ["pytest (>=3.2.1,!=3.3.0)", "hypothesis (>=3.27.0)"]

[[package]]
name = "pytest"
version = "7.4.3"
description = "pytest: simple powerful testing with Python"
category = "main"
optional = false
python-versions = ">=3.7"

[package.dependencies]
colorama = {version = "*", markers = "sys_platform == \"win32\""}
exceptiongroup = {version = ">=1.0.0rc8", markers = "python_version < \"3.11\""}
iniconfig = "*"
packaging = "*"
pluggy = ">=0.12,<2.0"
tomli = {version = ">=1.0.0", markers = "python_version < \"3.11\""}

[package.extras]
testing = ["argcomplete", "attrs (>=19.2.0)", "hypothesis (>=3.56)", "mock", "nose", "pygments (>=2.7.2)", "requests", "setuptools", "xmlschema"]

[[package]]
name = "requests"
version = "2.31.0"
description = "Python HTTP for Humans."
category = "main"
optional = false
python-versions = ">=3.7"

[package.dependencies]
certifi = ">=2017.4.17"
charset-normalizer = ">=2,<4"
idna = ">=2.5,<4"
urllib3 = ">=1.21.1,<3"

[package.extras]
socks = ["PySocks (>=1.5.6,!=1.5.7)"]
use_chardet_on_py3 = ["chardet (>=3.0.2,<6)"]

[[package]]
name = "scalecodec"
version = "1.2.7"
description = "Python SCALE Codec Library"
category = "main"
optional = false
python-versions = ">=3.6, <4"

[package.dependencies]
base58 = ">=2.0.1"
more-itertools = "*"
requests = ">=2.24.0"

[package.extras]
test = ["coverage", "pytest"]

[[package]]
name = "six"
version = "1.16.0"
description = "Python 2 and 3 compatibility utilities"
category = "main"
optional = false
python-versions = ">=2.7, !=3.0.*, !=3.1.*, !=3.2.*"

[[package]]
name = "substrate-interface"
version = "1.7.4"
description = "Library for interfacing with a Substrate node"
category = "main"
optional = false
python-versions = ">=3.7, <4"

[package.dependencies]
base58 = ">=1.0.3,<3"
certifi = ">=2019.3.9"
ecdsa = ">=0.17.0,<1"
eth-keys = ">=0.2.1,<1"
eth-utils = ">=1.3.0,<3"
idna = ">=2.1.0,<4"
py-bip39-bindings = ">=0.1.9,<1"
py-ed25519-zebra-bindings = ">=1.0,<2"
py-sr25519-bindings = ">=0.2.0,<1"
pycryptodome = ">=3.11.0,<4"
PyNaCl = ">=1.0.1,<2"
requests = ">=2.21.0,<3"
scalecodec = ">=1.2.6,<1.3"
websocket-client = ">=0.57.0,<2"
xxhash = ">=1.3.0,<4"

[package.extras]
test = ["coverage", "pytest"]

[[package]]
name = "tomli"
version = "2.0.1"
description = "A lil' TOML parser"
category = "main"
optional = false
python-versions = ">=3.7"

[[package]]
name = "tomli-w"
version = "1.0.0"
description = "A lil' TOML writer"
category = "main"
optional = false
python-versions = ">=3.7"

[[package]]
name = "toolz"
version = "0.12.0"
description = "List processing tools and functional utilities"
category = "main"
optional = false
python-versions = ">=3.5"

[[package]]
name = "typing-extensions"
version = "4.9.0"
description = "Backported and Experimental Type Hints for Python 3.8+"
category = "main"
optional = false
python-versions = ">=3.8"

[[package]]
name = "urllib3"
version = "2.1.0"
description = "HTTP library with thread-safe connection pooling, file post, and more."
category = "main"
optional = false
python-versions = ">=3.8"

[package.extras]
brotli = ["brotli (>=1.0.9)", "brotlicffi (>=0.8.0)"]
socks = ["pysocks (>=1.5.6,!=1.5.7,<2.0)"]
zstd = ["zstandard (>=0.18.0)"]

[[package]]
name = "websocket-client"
version = "1.7.0"
description = "WebSocket client for Python with low level API options"
category = "main"
optional = false
python-versions = ">=3.8"

[package.extras]
docs = ["Sphinx (>=6.0)", "sphinx-rtd-theme (>=1.1.0)"]
optional = ["python-socks", "wsaccel"]
test = ["websockets"]

[[package]]
name = "xxhash"
version = "3.4.1"
description = "Python binding for xxHash"
category = "main"
optional = false
python-versions = ">=3.7"

[metadata]
lock-version = "1.1"
python-versions = "^3.9"
content-hash = "fbe34eeddd7208a660b0e0d8b8e95bb353f38e631cbcbf5739cd0aa6f22f3e30"

[metadata.files]
base58 = [
    {file = "base58-2.1.1-py3-none-any.whl", hash = "sha256:11a36f4d3ce51dfc1043f3218591ac4eb1ceb172919cebe05b52a5bcc8d245c2"},
    {file = "base58-2.1.1.tar.gz", hash = "sha256:c5d0cb3f5b6e81e8e35da5754388ddcc6d0d14b6c6a132cb93d69ed580a7278c"},
]
certifi = []
cffi = []
charset-normalizer = []
click = []
colorama = []
cytoolz = []
ecdsa = []
eth-hash = []
eth-keys = [
    {file = "eth-keys-0.4.0.tar.gz", hash = "sha256:7d18887483bc9b8a3fdd8e32ddcb30044b9f08fcb24a380d93b6eee3a5bb3216"},
    {file = "eth_keys-0.4.0-py3-none-any.whl", hash = "sha256:e07915ffb91277803a28a379418bdd1fad1f390c38ad9353a0f189789a440d5d"},
]
eth-typing = []
eth-utils = []
exceptiongroup = []
hydradx-api = []
idna = []
iniconfig = []
more-itertools = []
packaging = []
pluggy = []
py-bip39-bindings = []
py-ed25519-zebra-bindings = []
py-sr25519-bindings = []
pycparser = []
pycryptodome = []
pynacl = []
pytest = []
requests = []
scalecodec = []
six = [
    {file = "six-1.16.0-py2.py3-none-any.whl", hash = "sha256:8abb2f1d86890a2dfb989f9a77cfcfd3e47c2a354b01111771326f8aa26e0254"},
    {file = "six-1.16.0.tar.gz", hash = "sha256:1e61c37477a1626458e36f7b1d82aa5c9b094fa4802892072e49de9c60c4c926"},
]
substrate-interface = []
tomli = [
    {file = "tomli-2.0.1-py3-none-any.whl", hash = "sha256:939de3e7a6161af0c887ef91b7d41a53e7c5a1ca976325f429cb46ea9bc30ecc"},
    {file = "tomli-2.0.1.tar.gz", hash = "sha256:de526c12914f0c550d15924c62d72abc48d6fe7364aa87328337a31007fe8a4f"},
]
tomli-w = []
toolz = []
typing-extensions = []
urllib3 = []
websocket-client = []
xxhash = []
