{
  "name": "claim-all-staking-rewards",
  "version": "1.0.0",
  "lockfileVersion": 2,
  "requires": true,
  "packages": {
    "": {
      "name": "claim-all-staking-rewards",
      "version": "1.0.0",
      "license": "ISC",
      "dependencies": {
        "@polkadot/api": "^8.2.1",
        "@polkadot/util": "^9.0.1"
      }
    },
    "node_modules/@babel/runtime": {
      "version": "7.17.9",
      "license": "MIT",
      "dependencies": {
        "regenerator-runtime": "^0.13.4"
      },
      "engines": {
        "node": ">=6.9.0"
      }
    },
    "node_modules/@noble/hashes": {
      "version": "1.0.0",
      "license": "MIT"
    },
    "node_modules/@noble/secp256k1": {
      "version": "1.5.5",
      "funding": [
        {
          "type": "individual",
          "url": "https://paulmillr.com/funding/"
        }
      ],
      "license": "MIT"
    },
    "node_modules/@polkadot/api": {
      "version": "8.2.1",
      "license": "Apache-2.0",
      "dependencies": {
        "@babel/runtime": "^7.17.9",
        "@polkadot/api-augment": "8.2.1",
        "@polkadot/api-base": "8.2.1",
        "@polkadot/api-derive": "8.2.1",
        "@polkadot/keyring": "^9.0.1",
        "@polkadot/rpc-augment": "8.2.1",
        "@polkadot/rpc-core": "8.2.1",
        "@polkadot/rpc-provider": "8.2.1",
        "@polkadot/types": "8.2.1",
        "@polkadot/types-augment": "8.2.1",
        "@polkadot/types-codec": "8.2.1",
        "@polkadot/types-create": "8.2.1",
        "@polkadot/types-known": "8.2.1",
        "@polkadot/util": "^9.0.1",
        "@polkadot/util-crypto": "^9.0.1",
        "eventemitter3": "^4.0.7",
        "rxjs": "^7.5.5"
      },
      "engines": {
        "node": ">=14.0.0"
      }
    },
    "node_modules/@polkadot/api-augment": {
      "version": "8.2.1",
      "license": "Apache-2.0",
      "dependencies": {
        "@babel/runtime": "^7.17.9",
        "@polkadot/api-base": "8.2.1",
        "@polkadot/rpc-augment": "8.2.1",
        "@polkadot/types": "8.2.1",
        "@polkadot/types-augment": "8.2.1",
        "@polkadot/types-codec": "8.2.1",
        "@polkadot/util": "^9.0.1"
      },
      "engines": {
        "node": ">=14.0.0"
      }
    },
    "node_modules/@polkadot/api-base": {
      "version": "8.2.1",
      "license": "Apache-2.0",
      "dependencies": {
        "@babel/runtime": "^7.17.9",
        "@polkadot/rpc-core": "8.2.1",
        "@polkadot/types": "8.2.1",
        "@polkadot/util": "^9.0.1",
        "rxjs": "^7.5.5"
      },
      "engines": {
        "node": ">=14.0.0"
      }
    },
    "node_modules/@polkadot/api-derive": {
      "version": "8.2.1",
      "license": "Apache-2.0",
      "dependencies": {
        "@babel/runtime": "^7.17.9",
        "@polkadot/api": "8.2.1",
        "@polkadot/api-augment": "8.2.1",
        "@polkadot/api-base": "8.2.1",
        "@polkadot/rpc-core": "8.2.1",
        "@polkadot/types": "8.2.1",
        "@polkadot/types-codec": "8.2.1",
        "@polkadot/util": "^9.0.1",
        "@polkadot/util-crypto": "^9.0.1",
        "rxjs": "^7.5.5"
      },
      "engines": {
        "node": ">=14.0.0"
      }
    },
    "node_modules/@polkadot/keyring": {
      "version": "9.0.1",
      "license": "Apache-2.0",
      "dependencies": {
        "@babel/runtime": "^7.17.9",
        "@polkadot/util": "9.0.1",
        "@polkadot/util-crypto": "9.0.1"
      },
      "engines": {
        "node": ">=14.0.0"
      },
      "peerDependencies": {
        "@polkadot/util": "9.0.1",
        "@polkadot/util-crypto": "9.0.1"
      }
    },
    "node_modules/@polkadot/networks": {
      "version": "9.0.1",
      "license": "Apache-2.0",
      "dependencies": {
        "@babel/runtime": "^7.17.9",
        "@polkadot/util": "9.0.1",
        "@substrate/ss58-registry": "^1.17.0"
      },
      "engines": {
        "node": ">=14.0.0"
      }
    },
    "node_modules/@polkadot/rpc-augment": {
      "version": "8.2.1",
      "license": "Apache-2.0",
      "dependencies": {
        "@babel/runtime": "^7.17.9",
        "@polkadot/rpc-core": "8.2.1",
        "@polkadot/types": "8.2.1",
        "@polkadot/types-codec": "8.2.1",
        "@polkadot/util": "^9.0.1"
      },
      "engines": {
        "node": ">=14.0.0"
      }
    },
    "node_modules/@polkadot/rpc-core": {
      "version": "8.2.1",
      "license": "Apache-2.0",
      "dependencies": {
        "@babel/runtime": "^7.17.9",
        "@polkadot/rpc-augment": "8.2.1",
        "@polkadot/rpc-provider": "8.2.1",
        "@polkadot/types": "8.2.1",
        "@polkadot/util": "^9.0.1",
        "rxjs": "^7.5.5"
      },
      "engines": {
        "node": ">=14.0.0"
      }
    },
    "node_modules/@polkadot/rpc-provider": {
      "version": "8.2.1",
      "license": "Apache-2.0",
      "dependencies": {
        "@babel/runtime": "^7.17.9",
        "@polkadot/keyring": "^9.0.1",
        "@polkadot/types": "8.2.1",
        "@polkadot/types-support": "8.2.1",
        "@polkadot/util": "^9.0.1",
        "@polkadot/util-crypto": "^9.0.1",
        "@polkadot/x-fetch": "^9.0.1",
        "@polkadot/x-global": "^9.0.1",
        "@polkadot/x-ws": "^9.0.1",
        "@substrate/connect": "0.7.2",
        "eventemitter3": "^4.0.7",
        "mock-socket": "^9.1.3",
        "nock": "^13.2.4"
      },
      "engines": {
        "node": ">=14.0.0"
      }
    },
    "node_modules/@polkadot/types": {
      "version": "8.2.1",
      "license": "Apache-2.0",
      "dependencies": {
        "@babel/runtime": "^7.17.9",
        "@polkadot/keyring": "^9.0.1",
        "@polkadot/types-augment": "8.2.1",
        "@polkadot/types-codec": "8.2.1",
        "@polkadot/types-create": "8.2.1",
        "@polkadot/util": "^9.0.1",
        "@polkadot/util-crypto": "^9.0.1",
        "rxjs": "^7.5.5"
      },
      "engines": {
        "node": ">=14.0.0"
      }
    },
    "node_modules/@polkadot/types-augment": {
      "version": "8.2.1",
      "license": "Apache-2.0",
      "dependencies": {
        "@babel/runtime": "^7.17.9",
        "@polkadot/types": "8.2.1",
        "@polkadot/types-codec": "8.2.1",
        "@polkadot/util": "^9.0.1"
      },
      "engines": {
        "node": ">=14.0.0"
      }
    },
    "node_modules/@polkadot/types-codec": {
      "version": "8.2.1",
      "license": "Apache-2.0",
      "dependencies": {
        "@babel/runtime": "^7.17.9",
        "@polkadot/util": "^9.0.1"
      },
      "engines": {
        "node": ">=14.0.0"
      }
    },
    "node_modules/@polkadot/types-create": {
      "version": "8.2.1",
      "license": "Apache-2.0",
      "dependencies": {
        "@babel/runtime": "^7.17.9",
        "@polkadot/types-codec": "8.2.1",
        "@polkadot/util": "^9.0.1"
      },
      "engines": {
        "node": ">=14.0.0"
      }
    },
    "node_modules/@polkadot/types-known": {
      "version": "8.2.1",
      "license": "Apache-2.0",
      "dependencies": {
        "@babel/runtime": "^7.17.9",
        "@polkadot/networks": "^9.0.1",
        "@polkadot/types": "8.2.1",
        "@polkadot/types-codec": "8.2.1",
        "@polkadot/types-create": "8.2.1",
        "@polkadot/util": "^9.0.1"
      },
      "engines": {
        "node": ">=14.0.0"
      }
    },
    "node_modules/@polkadot/types-support": {
      "version": "8.2.1",
      "license": "Apache-2.0",
      "dependencies": {
        "@babel/runtime": "^7.17.9",
        "@polkadot/util": "^9.0.1"
      },
      "engines": {
        "node": ">=14.0.0"
      }
    },
    "node_modules/@polkadot/util": {
      "version": "9.0.1",
      "license": "Apache-2.0",
      "dependencies": {
        "@babel/runtime": "^7.17.9",
        "@polkadot/x-bigint": "9.0.1",
        "@polkadot/x-global": "9.0.1",
        "@polkadot/x-textdecoder": "9.0.1",
        "@polkadot/x-textencoder": "9.0.1",
        "@types/bn.js": "^5.1.0",
        "bn.js": "^5.2.0",
        "ip-regex": "^4.3.0"
      },
      "engines": {
        "node": ">=14.0.0"
      }
    },
    "node_modules/@polkadot/util-crypto": {
      "version": "9.0.1",
      "license": "Apache-2.0",
      "dependencies": {
        "@babel/runtime": "^7.17.9",
        "@noble/hashes": "1.0.0",
        "@noble/secp256k1": "1.5.5",
        "@polkadot/networks": "9.0.1",
        "@polkadot/util": "9.0.1",
        "@polkadot/wasm-crypto": "^6.0.1",
        "@polkadot/x-bigint": "9.0.1",
        "@polkadot/x-randomvalues": "9.0.1",
        "@scure/base": "1.0.0",
        "ed2curve": "^0.3.0",
        "tweetnacl": "^1.0.3"
      },
      "engines": {
        "node": ">=14.0.0"
      },
      "peerDependencies": {
        "@polkadot/util": "9.0.1"
      }
    },
    "node_modules/@polkadot/wasm-crypto": {
      "version": "6.0.1",
      "license": "Apache-2.0",
      "dependencies": {
        "@babel/runtime": "^7.17.9",
        "@polkadot/wasm-crypto-asmjs": "^6.0.1",
        "@polkadot/wasm-crypto-wasm": "^6.0.1"
      },
      "engines": {
        "node": ">=14.0.0"
      },
      "peerDependencies": {
        "@polkadot/util": "*",
        "@polkadot/x-randomvalues": "*"
      }
    },
    "node_modules/@polkadot/wasm-crypto-asmjs": {
      "version": "6.0.1",
      "license": "Apache-2.0",
      "dependencies": {
        "@babel/runtime": "^7.17.9"
      },
      "engines": {
        "node": ">=14.0.0"
      },
      "peerDependencies": {
        "@polkadot/util": "*"
      }
    },
    "node_modules/@polkadot/wasm-crypto-wasm": {
      "version": "6.0.1",
      "license": "Apache-2.0",
      "dependencies": {
        "@babel/runtime": "^7.17.9"
      },
      "engines": {
        "node": ">=14.0.0"
      },
      "peerDependencies": {
        "@polkadot/util": "*"
      }
    },
    "node_modules/@polkadot/x-bigint": {
      "version": "9.0.1",
      "license": "Apache-2.0",
      "dependencies": {
        "@babel/runtime": "^7.17.9",
        "@polkadot/x-global": "9.0.1"
      },
      "engines": {
        "node": ">=14.0.0"
      }
    },
    "node_modules/@polkadot/x-fetch": {
      "version": "9.0.1",
      "license": "Apache-2.0",
      "dependencies": {
        "@babel/runtime": "^7.17.9",
        "@polkadot/x-global": "9.0.1",
        "@types/node-fetch": "^2.6.1",
        "node-fetch": "^2.6.7"
      },
      "engines": {
        "node": ">=14.0.0"
      }
    },
    "node_modules/@polkadot/x-global": {
      "version": "9.0.1",
      "license": "Apache-2.0",
      "dependencies": {
        "@babel/runtime": "^7.17.9"
      },
      "engines": {
        "node": ">=14.0.0"
      }
    },
    "node_modules/@polkadot/x-randomvalues": {
      "version": "9.0.1",
      "license": "Apache-2.0",
      "dependencies": {
        "@babel/runtime": "^7.17.9",
        "@polkadot/x-global": "9.0.1"
      },
      "engines": {
        "node": ">=14.0.0"
      }
    },
    "node_modules/@polkadot/x-textdecoder": {
      "version": "9.0.1",
      "license": "Apache-2.0",
      "dependencies": {
        "@babel/runtime": "^7.17.9",
        "@polkadot/x-global": "9.0.1"
      },
      "engines": {
        "node": ">=14.0.0"
      }
    },
    "node_modules/@polkadot/x-textencoder": {
      "version": "9.0.1",
      "license": "Apache-2.0",
      "dependencies": {
        "@babel/runtime": "^7.17.9",
        "@polkadot/x-global": "9.0.1"
      },
      "engines": {
        "node": ">=14.0.0"
      }
    },
    "node_modules/@polkadot/x-ws": {
      "version": "9.0.1",
      "license": "Apache-2.0",
      "dependencies": {
        "@babel/runtime": "^7.17.9",
        "@polkadot/x-global": "9.0.1",
        "@types/websocket": "^1.0.5",
        "websocket": "^1.0.34"
      },
      "engines": {
        "node": ">=14.0.0"
      }
    },
    "node_modules/@scure/base": {
      "version": "1.0.0",
      "funding": [
        {
          "type": "individual",
          "url": "https://paulmillr.com/funding/"
        }
      ],
      "license": "MIT"
    },
    "node_modules/@substrate/connect": {
      "version": "0.7.2",
      "license": "GPL-3.0-only",
      "dependencies": {
        "@substrate/connect-extension-protocol": "^1.0.0",
        "@substrate/smoldot-light": "0.6.15",
        "eventemitter3": "^4.0.7"
      }
    },
    "node_modules/@substrate/connect-extension-protocol": {
      "version": "1.0.0",
      "license": "GPL-3.0-only"
    },
    "node_modules/@substrate/smoldot-light": {
      "version": "0.6.15",
      "license": "GPL-3.0-or-later WITH Classpath-exception-2.0",
      "dependencies": {
        "buffer": "^6.0.1",
        "pako": "^2.0.4",
        "websocket": "^1.0.32"
      }
    },
    "node_modules/@substrate/ss58-registry": {
      "version": "1.17.0",
      "license": "Apache-2.0"
    },
    "node_modules/@types/bn.js": {
      "version": "5.1.0",
      "license": "MIT",
      "dependencies": {
        "@types/node": "*"
      }
    },
    "node_modules/@types/node": {
      "version": "17.0.29",
      "license": "MIT"
    },
    "node_modules/@types/node-fetch": {
      "version": "2.6.1",
      "license": "MIT",
      "dependencies": {
        "@types/node": "*",
        "form-data": "^3.0.0"
      }
    },
    "node_modules/@types/websocket": {
      "version": "1.0.5",
      "license": "MIT",
      "dependencies": {
        "@types/node": "*"
      }
    },
    "node_modules/asynckit": {
      "version": "0.4.0",
      "license": "MIT"
    },
    "node_modules/base64-js": {
      "version": "1.5.1",
      "funding": [
        {
          "type": "github",
          "url": "https://github.com/sponsors/feross"
        },
        {
          "type": "patreon",
          "url": "https://www.patreon.com/feross"
        },
        {
          "type": "consulting",
          "url": "https://feross.org/support"
        }
      ],
      "license": "MIT"
    },
    "node_modules/bn.js": {
      "version": "5.2.0",
      "license": "MIT"
    },
    "node_modules/buffer": {
      "version": "6.0.3",
      "funding": [
        {
          "type": "github",
          "url": "https://github.com/sponsors/feross"
        },
        {
          "type": "patreon",
          "url": "https://www.patreon.com/feross"
        },
        {
          "type": "consulting",
          "url": "https://feross.org/support"
        }
      ],
      "license": "MIT",
      "dependencies": {
        "base64-js": "^1.3.1",
        "ieee754": "^1.2.1"
      }
    },
    "node_modules/bufferutil": {
      "version": "4.0.6",
      "hasInstallScript": true,
      "license": "MIT",
      "dependencies": {
        "node-gyp-build": "^4.3.0"
      },
      "engines": {
        "node": ">=6.14.2"
      }
    },
    "node_modules/combined-stream": {
      "version": "1.0.8",
      "license": "MIT",
      "dependencies": {
        "delayed-stream": "~1.0.0"
      },
      "engines": {
        "node": ">= 0.8"
      }
    },
    "node_modules/d": {
      "version": "1.0.1",
      "license": "ISC",
      "dependencies": {
        "es5-ext": "^0.10.50",
        "type": "^1.0.1"
      }
    },
    "node_modules/debug": {
      "version": "2.6.9",
      "license": "MIT",
      "dependencies": {
        "ms": "2.0.0"
      }
    },
    "node_modules/delayed-stream": {
      "version": "1.0.0",
      "license": "MIT",
      "engines": {
        "node": ">=0.4.0"
      }
    },
    "node_modules/ed2curve": {
      "version": "0.3.0",
      "license": "Unlicense",
      "dependencies": {
        "tweetnacl": "1.x.x"
      }
    },
    "node_modules/es5-ext": {
      "version": "0.10.61",
      "hasInstallScript": true,
      "license": "ISC",
      "dependencies": {
        "es6-iterator": "^2.0.3",
        "es6-symbol": "^3.1.3",
        "next-tick": "^1.1.0"
      },
      "engines": {
        "node": ">=0.10"
      }
    },
    "node_modules/es6-iterator": {
      "version": "2.0.3",
      "license": "MIT",
      "dependencies": {
        "d": "1",
        "es5-ext": "^0.10.35",
        "es6-symbol": "^3.1.1"
      }
    },
    "node_modules/es6-symbol": {
      "version": "3.1.3",
      "license": "ISC",
      "dependencies": {
        "d": "^1.0.1",
        "ext": "^1.1.2"
      }
    },
    "node_modules/eventemitter3": {
      "version": "4.0.7",
      "license": "MIT"
    },
    "node_modules/ext": {
      "version": "1.6.0",
      "license": "ISC",
      "dependencies": {
        "type": "^2.5.0"
      }
    },
    "node_modules/ext/node_modules/type": {
      "version": "2.6.0",
      "license": "ISC"
    },
    "node_modules/form-data": {
      "version": "3.0.1",
      "license": "MIT",
      "dependencies": {
        "asynckit": "^0.4.0",
        "combined-stream": "^1.0.8",
        "mime-types": "^2.1.12"
      },
      "engines": {
        "node": ">= 6"
      }
    },
    "node_modules/ieee754": {
      "version": "1.2.1",
      "funding": [
        {
          "type": "github",
          "url": "https://github.com/sponsors/feross"
        },
        {
          "type": "patreon",
          "url": "https://www.patreon.com/feross"
        },
        {
          "type": "consulting",
          "url": "https://feross.org/support"
        }
      ],
      "license": "BSD-3-Clause"
    },
    "node_modules/ip-regex": {
      "version": "4.3.0",
      "license": "MIT",
      "engines": {
        "node": ">=8"
      }
    },
    "node_modules/is-typedarray": {
      "version": "1.0.0",
      "license": "MIT"
    },
    "node_modules/json-stringify-safe": {
      "version": "5.0.1",
      "license": "ISC"
    },
    "node_modules/lodash.set": {
      "version": "4.3.2",
      "license": "MIT"
    },
    "node_modules/mime-db": {
      "version": "1.52.0",
      "license": "MIT",
      "engines": {
        "node": ">= 0.6"
      }
    },
    "node_modules/mime-types": {
      "version": "2.1.35",
      "license": "MIT",
      "dependencies": {
        "mime-db": "1.52.0"
      },
      "engines": {
        "node": ">= 0.6"
      }
    },
    "node_modules/mock-socket": {
      "version": "9.1.3",
      "license": "MIT",
      "engines": {
        "node": ">= 8"
      }
    },
    "node_modules/ms": {
      "version": "2.0.0",
      "license": "MIT"
    },
    "node_modules/next-tick": {
      "version": "1.1.0",
      "license": "ISC"
    },
    "node_modules/nock": {
      "version": "13.2.4",
      "license": "MIT",
      "dependencies": {
        "debug": "^4.1.0",
        "json-stringify-safe": "^5.0.1",
        "lodash.set": "^4.3.2",
        "propagate": "^2.0.0"
      },
      "engines": {
        "node": ">= 10.13"
      }
    },
    "node_modules/nock/node_modules/debug": {
      "version": "4.3.4",
      "license": "MIT",
      "dependencies": {
        "ms": "2.1.2"
      },
      "engines": {
        "node": ">=6.0"
      },
      "peerDependenciesMeta": {
        "supports-color": {
          "optional": true
        }
      }
    },
    "node_modules/nock/node_modules/ms": {
      "version": "2.1.2",
      "license": "MIT"
    },
    "node_modules/node-fetch": {
      "version": "2.6.7",
      "license": "MIT",
      "dependencies": {
        "whatwg-url": "^5.0.0"
      },
      "engines": {
        "node": "4.x || >=6.0.0"
      },
      "peerDependencies": {
        "encoding": "^0.1.0"
      },
      "peerDependenciesMeta": {
        "encoding": {
          "optional": true
        }
      }
    },
    "node_modules/node-gyp-build": {
      "version": "4.4.0",
      "license": "MIT",
      "bin": {
        "node-gyp-build": "bin.js",
        "node-gyp-build-optional": "optional.js",
        "node-gyp-build-test": "build-test.js"
      }
    },
    "node_modules/pako": {
      "version": "2.0.4",
      "license": "(MIT AND Zlib)"
    },
    "node_modules/propagate": {
      "version": "2.0.1",
      "license": "MIT",
      "engines": {
        "node": ">= 8"
      }
    },
    "node_modules/regenerator-runtime": {
      "version": "0.13.9",
      "license": "MIT"
    },
    "node_modules/rxjs": {
      "version": "7.5.5",
      "license": "Apache-2.0",
      "dependencies": {
        "tslib": "^2.1.0"
      }
    },
    "node_modules/tr46": {
      "version": "0.0.3",
      "license": "MIT"
    },
    "node_modules/tslib": {
      "version": "2.4.0",
      "license": "0BSD"
    },
    "node_modules/tweetnacl": {
      "version": "1.0.3",
      "license": "Unlicense"
    },
    "node_modules/type": {
      "version": "1.2.0",
      "license": "ISC"
    },
    "node_modules/typedarray-to-buffer": {
      "version": "3.1.5",
      "license": "MIT",
      "dependencies": {
        "is-typedarray": "^1.0.0"
      }
    },
    "node_modules/utf-8-validate": {
      "version": "5.0.9",
      "hasInstallScript": true,
      "license": "MIT",
      "dependencies": {
        "node-gyp-build": "^4.3.0"
      },
      "engines": {
        "node": ">=6.14.2"
      }
    },
    "node_modules/webidl-conversions": {
      "version": "3.0.1",
      "license": "BSD-2-Clause"
    },
    "node_modules/websocket": {
      "version": "1.0.34",
      "license": "Apache-2.0",
      "dependencies": {
        "bufferutil": "^4.0.1",
        "debug": "^2.2.0",
        "es5-ext": "^0.10.50",
        "typedarray-to-buffer": "^3.1.5",
        "utf-8-validate": "^5.0.2",
        "yaeti": "^0.0.6"
      },
      "engines": {
        "node": ">=4.0.0"
      }
    },
    "node_modules/whatwg-url": {
      "version": "5.0.0",
      "license": "MIT",
      "dependencies": {
        "tr46": "~0.0.3",
        "webidl-conversions": "^3.0.0"
      }
    },
    "node_modules/yaeti": {
      "version": "0.0.6",
      "license": "MIT",
      "engines": {
        "node": ">=0.10.32"
      }
    }
  },
  "dependencies": {
    "@babel/runtime": {
      "version": "7.17.9",
      "requires": {
        "regenerator-runtime": "^0.13.4"
      }
    },
    "@noble/hashes": {
      "version": "1.0.0"
    },
    "@noble/secp256k1": {
      "version": "1.5.5"
    },
    "@polkadot/api": {
      "version": "8.2.1",
      "requires": {
        "@babel/runtime": "^7.17.9",
        "@polkadot/api-augment": "8.2.1",
        "@polkadot/api-base": "8.2.1",
        "@polkadot/api-derive": "8.2.1",
        "@polkadot/keyring": "^9.0.1",
        "@polkadot/rpc-augment": "8.2.1",
        "@polkadot/rpc-core": "8.2.1",
        "@polkadot/rpc-provider": "8.2.1",
        "@polkadot/types": "8.2.1",
        "@polkadot/types-augment": "8.2.1",
        "@polkadot/types-codec": "8.2.1",
        "@polkadot/types-create": "8.2.1",
        "@polkadot/types-known": "8.2.1",
        "@polkadot/util": "^9.0.1",
        "@polkadot/util-crypto": "^9.0.1",
        "eventemitter3": "^4.0.7",
        "rxjs": "^7.5.5"
      }
    },
    "@polkadot/api-augment": {
      "version": "8.2.1",
      "requires": {
        "@babel/runtime": "^7.17.9",
        "@polkadot/api-base": "8.2.1",
        "@polkadot/rpc-augment": "8.2.1",
        "@polkadot/types": "8.2.1",
        "@polkadot/types-augment": "8.2.1",
        "@polkadot/types-codec": "8.2.1",
        "@polkadot/util": "^9.0.1"
      }
    },
    "@polkadot/api-base": {
      "version": "8.2.1",
      "requires": {
        "@babel/runtime": "^7.17.9",
        "@polkadot/rpc-core": "8.2.1",
        "@polkadot/types": "8.2.1",
        "@polkadot/util": "^9.0.1",
        "rxjs": "^7.5.5"
      }
    },
    "@polkadot/api-derive": {
      "version": "8.2.1",
      "requires": {
        "@babel/runtime": "^7.17.9",
        "@polkadot/api": "8.2.1",
        "@polkadot/api-augment": "8.2.1",
        "@polkadot/api-base": "8.2.1",
        "@polkadot/rpc-core": "8.2.1",
        "@polkadot/types": "8.2.1",
        "@polkadot/types-codec": "8.2.1",
        "@polkadot/util": "^9.0.1",
        "@polkadot/util-crypto": "^9.0.1",
        "rxjs": "^7.5.5"
      }
    },
    "@polkadot/keyring": {
      "version": "9.0.1",
      "requires": {
        "@babel/runtime": "^7.17.9",
        "@polkadot/util": "9.0.1",
        "@polkadot/util-crypto": "9.0.1"
      }
    },
    "@polkadot/networks": {
      "version": "9.0.1",
      "requires": {
        "@babel/runtime": "^7.17.9",
        "@polkadot/util": "9.0.1",
        "@substrate/ss58-registry": "^1.17.0"
      }
    },
    "@polkadot/rpc-augment": {
      "version": "8.2.1",
      "requires": {
        "@babel/runtime": "^7.17.9",
        "@polkadot/rpc-core": "8.2.1",
        "@polkadot/types": "8.2.1",
        "@polkadot/types-codec": "8.2.1",
        "@polkadot/util": "^9.0.1"
      }
    },
    "@polkadot/rpc-core": {
      "version": "8.2.1",
      "requires": {
        "@babel/runtime": "^7.17.9",
        "@polkadot/rpc-augment": "8.2.1",
        "@polkadot/rpc-provider": "8.2.1",
        "@polkadot/types": "8.2.1",
        "@polkadot/util": "^9.0.1",
        "rxjs": "^7.5.5"
      }
    },
    "@polkadot/rpc-provider": {
      "version": "8.2.1",
      "requires": {
        "@babel/runtime": "^7.17.9",
        "@polkadot/keyring": "^9.0.1",
        "@polkadot/types": "8.2.1",
        "@polkadot/types-support": "8.2.1",
        "@polkadot/util": "^9.0.1",
        "@polkadot/util-crypto": "^9.0.1",
        "@polkadot/x-fetch": "^9.0.1",
        "@polkadot/x-global": "^9.0.1",
        "@polkadot/x-ws": "^9.0.1",
        "@substrate/connect": "0.7.2",
        "eventemitter3": "^4.0.7",
        "mock-socket": "^9.1.3",
        "nock": "^13.2.4"
      }
    },
    "@polkadot/types": {
      "version": "8.2.1",
      "requires": {
        "@babel/runtime": "^7.17.9",
        "@polkadot/keyring": "^9.0.1",
        "@polkadot/types-augment": "8.2.1",
        "@polkadot/types-codec": "8.2.1",
        "@polkadot/types-create": "8.2.1",
        "@polkadot/util": "^9.0.1",
        "@polkadot/util-crypto": "^9.0.1",
        "rxjs": "^7.5.5"
      }
    },
    "@polkadot/types-augment": {
      "version": "8.2.1",
      "requires": {
        "@babel/runtime": "^7.17.9",
        "@polkadot/types": "8.2.1",
        "@polkadot/types-codec": "8.2.1",
        "@polkadot/util": "^9.0.1"
      }
    },
    "@polkadot/types-codec": {
      "version": "8.2.1",
      "requires": {
        "@babel/runtime": "^7.17.9",
        "@polkadot/util": "^9.0.1"
      }
    },
    "@polkadot/types-create": {
      "version": "8.2.1",
      "requires": {
        "@babel/runtime": "^7.17.9",
        "@polkadot/types-codec": "8.2.1",
        "@polkadot/util": "^9.0.1"
      }
    },
    "@polkadot/types-known": {
      "version": "8.2.1",
      "requires": {
        "@babel/runtime": "^7.17.9",
        "@polkadot/networks": "^9.0.1",
        "@polkadot/types": "8.2.1",
        "@polkadot/types-codec": "8.2.1",
        "@polkadot/types-create": "8.2.1",
        "@polkadot/util": "^9.0.1"
      }
    },
    "@polkadot/types-support": {
      "version": "8.2.1",
      "requires": {
        "@babel/runtime": "^7.17.9",
        "@polkadot/util": "^9.0.1"
      }
    },
    "@polkadot/util": {
      "version": "9.0.1",
      "requires": {
        "@babel/runtime": "^7.17.9",
        "@polkadot/x-bigint": "9.0.1",
        "@polkadot/x-global": "9.0.1",
        "@polkadot/x-textdecoder": "9.0.1",
        "@polkadot/x-textencoder": "9.0.1",
        "@types/bn.js": "^5.1.0",
        "bn.js": "^5.2.0",
        "ip-regex": "^4.3.0"
      }
    },
    "@polkadot/util-crypto": {
      "version": "9.0.1",
      "requires": {
        "@babel/runtime": "^7.17.9",
        "@noble/hashes": "1.0.0",
        "@noble/secp256k1": "1.5.5",
        "@polkadot/networks": "9.0.1",
        "@polkadot/util": "9.0.1",
        "@polkadot/wasm-crypto": "^6.0.1",
        "@polkadot/x-bigint": "9.0.1",
        "@polkadot/x-randomvalues": "9.0.1",
        "@scure/base": "1.0.0",
        "ed2curve": "^0.3.0",
        "tweetnacl": "^1.0.3"
      }
    },
    "@polkadot/wasm-crypto": {
      "version": "6.0.1",
      "requires": {
        "@babel/runtime": "^7.17.9",
        "@polkadot/wasm-crypto-asmjs": "^6.0.1",
        "@polkadot/wasm-crypto-wasm": "^6.0.1"
      }
    },
    "@polkadot/wasm-crypto-asmjs": {
      "version": "6.0.1",
      "requires": {
        "@babel/runtime": "^7.17.9"
      }
    },
    "@polkadot/wasm-crypto-wasm": {
      "version": "6.0.1",
      "requires": {
        "@babel/runtime": "^7.17.9"
      }
    },
    "@polkadot/x-bigint": {
      "version": "9.0.1",
      "requires": {
        "@babel/runtime": "^7.17.9",
        "@polkadot/x-global": "9.0.1"
      }
    },
    "@polkadot/x-fetch": {
      "version": "9.0.1",
      "requires": {
        "@babel/runtime": "^7.17.9",
        "@polkadot/x-global": "9.0.1",
        "@types/node-fetch": "^2.6.1",
        "node-fetch": "^2.6.7"
      }
    },
    "@polkadot/x-global": {
      "version": "9.0.1",
      "requires": {
        "@babel/runtime": "^7.17.9"
      }
    },
    "@polkadot/x-randomvalues": {
      "version": "9.0.1",
      "requires": {
        "@babel/runtime": "^7.17.9",
        "@polkadot/x-global": "9.0.1"
      }
    },
    "@polkadot/x-textdecoder": {
      "version": "9.0.1",
      "requires": {
        "@babel/runtime": "^7.17.9",
        "@polkadot/x-global": "9.0.1"
      }
    },
    "@polkadot/x-textencoder": {
      "version": "9.0.1",
      "requires": {
        "@babel/runtime": "^7.17.9",
        "@polkadot/x-global": "9.0.1"
      }
    },
    "@polkadot/x-ws": {
      "version": "9.0.1",
      "requires": {
        "@babel/runtime": "^7.17.9",
        "@polkadot/x-global": "9.0.1",
        "@types/websocket": "^1.0.5",
        "websocket": "^1.0.34"
      }
    },
    "@scure/base": {
      "version": "1.0.0"
    },
    "@substrate/connect": {
      "version": "0.7.2",
      "requires": {
        "@substrate/connect-extension-protocol": "^1.0.0",
        "@substrate/smoldot-light": "0.6.15",
        "eventemitter3": "^4.0.7"
      }
    },
    "@substrate/connect-extension-protocol": {
      "version": "1.0.0"
    },
    "@substrate/smoldot-light": {
      "version": "0.6.15",
      "requires": {
        "buffer": "^6.0.1",
        "pako": "^2.0.4",
        "websocket": "^1.0.32"
      }
    },
    "@substrate/ss58-registry": {
      "version": "1.17.0"
    },
    "@types/bn.js": {
      "version": "5.1.0",
      "requires": {
        "@types/node": "*"
      }
    },
    "@types/node": {
      "version": "17.0.29"
    },
    "@types/node-fetch": {
      "version": "2.6.1",
      "requires": {
        "@types/node": "*",
        "form-data": "^3.0.0"
      }
    },
    "@types/websocket": {
      "version": "1.0.5",
      "requires": {
        "@types/node": "*"
      }
    },
    "asynckit": {
      "version": "0.4.0"
    },
    "base64-js": {
      "version": "1.5.1"
    },
    "bn.js": {
      "version": "5.2.0"
    },
    "buffer": {
      "version": "6.0.3",
      "requires": {
        "base64-js": "^1.3.1",
        "ieee754": "^1.2.1"
      }
    },
    "bufferutil": {
      "version": "4.0.6",
      "requires": {
        "node-gyp-build": "^4.3.0"
      }
    },
    "combined-stream": {
      "version": "1.0.8",
      "requires": {
        "delayed-stream": "~1.0.0"
      }
    },
    "d": {
      "version": "1.0.1",
      "requires": {
        "es5-ext": "^0.10.50",
        "type": "^1.0.1"
      }
    },
    "debug": {
      "version": "2.6.9",
      "requires": {
        "ms": "2.0.0"
      }
    },
    "delayed-stream": {
      "version": "1.0.0"
    },
    "ed2curve": {
      "version": "0.3.0",
      "requires": {
        "tweetnacl": "1.x.x"
      }
    },
    "es5-ext": {
      "version": "0.10.61",
      "requires": {
        "es6-iterator": "^2.0.3",
        "es6-symbol": "^3.1.3",
        "next-tick": "^1.1.0"
      }
    },
    "es6-iterator": {
      "version": "2.0.3",
      "requires": {
        "d": "1",
        "es5-ext": "^0.10.35",
        "es6-symbol": "^3.1.1"
      }
    },
    "es6-symbol": {
      "version": "3.1.3",
      "requires": {
        "d": "^1.0.1",
        "ext": "^1.1.2"
      }
    },
    "eventemitter3": {
      "version": "4.0.7"
    },
    "ext": {
      "version": "1.6.0",
      "requires": {
        "type": "^2.5.0"
      },
      "dependencies": {
        "type": {
          "version": "2.6.0"
        }
      }
    },
    "form-data": {
      "version": "3.0.1",
      "requires": {
        "asynckit": "^0.4.0",
        "combined-stream": "^1.0.8",
        "mime-types": "^2.1.12"
      }
    },
    "ieee754": {
      "version": "1.2.1"
    },
    "ip-regex": {
      "version": "4.3.0"
    },
    "is-typedarray": {
      "version": "1.0.0"
    },
    "json-stringify-safe": {
      "version": "5.0.1"
    },
    "lodash.set": {
      "version": "4.3.2"
    },
    "mime-db": {
      "version": "1.52.0"
    },
    "mime-types": {
      "version": "2.1.35",
      "requires": {
        "mime-db": "1.52.0"
      }
    },
    "mock-socket": {
      "version": "9.1.3"
    },
    "ms": {
      "version": "2.0.0"
    },
    "next-tick": {
      "version": "1.1.0"
    },
    "nock": {
      "version": "13.2.4",
      "requires": {
        "debug": "^4.1.0",
        "json-stringify-safe": "^5.0.1",
        "lodash.set": "^4.3.2",
        "propagate": "^2.0.0"
      },
      "dependencies": {
        "debug": {
          "version": "4.3.4",
          "requires": {
            "ms": "2.1.2"
          }
        },
        "ms": {
          "version": "2.1.2"
        }
      }
    },
    "node-fetch": {
      "version": "2.6.7",
      "requires": {
        "whatwg-url": "^5.0.0"
      }
    },
    "node-gyp-build": {
      "version": "4.4.0"
    },
    "pako": {
      "version": "2.0.4"
    },
    "propagate": {
      "version": "2.0.1"
    },
    "regenerator-runtime": {
      "version": "0.13.9"
    },
    "rxjs": {
      "version": "7.5.5",
      "requires": {
        "tslib": "^2.1.0"
      }
    },
    "tr46": {
      "version": "0.0.3"
    },
    "tslib": {
      "version": "2.4.0"
    },
    "tweetnacl": {
      "version": "1.0.3"
    },
    "type": {
      "version": "1.2.0"
    },
    "typedarray-to-buffer": {
      "version": "3.1.5",
      "requires": {
        "is-typedarray": "^1.0.0"
      }
    },
    "utf-8-validate": {
      "version": "5.0.9",
      "requires": {
        "node-gyp-build": "^4.3.0"
      }
    },
    "webidl-conversions": {
      "version": "3.0.1"
    },
    "websocket": {
      "version": "1.0.34",
      "requires": {
        "bufferutil": "^4.0.1",
        "debug": "^2.2.0",
        "es5-ext": "^0.10.50",
        "typedarray-to-buffer": "^3.1.5",
        "utf-8-validate": "^5.0.2",
        "yaeti": "^0.0.6"
      }
    },
    "whatwg-url": {
      "version": "5.0.0",
      "requires": {
        "tr46": "~0.0.3",
        "webidl-conversions": "^3.0.0"
      }
    },
    "yaeti": {
      "version": "0.0.6"
    }
  }
}
